// !$*UTF8*$!
{
	archiveVersion = 1;
	classes = {
	};
	objectVersion = 46;
	objects = {

/* Begin PBXBuildFile section */
		9C0CBB74187F147900A81301 /* NoiseMeterViewController.m in Sources */ = {isa = PBXBuildFile; fileRef = 9C0CBB73187F147900A81301 /* NoiseMeterViewController.m */; };
		9C0CBB77187F17EB00A81301 /* HorizontalWeightViewController.m in Sources */ = {isa = PBXBuildFile; fileRef = 9C0CBB76187F17EB00A81301 /* HorizontalWeightViewController.m */; };
		9C0CBB7A187F1ECA00A81301 /* VerticalWeightViewController.m in Sources */ = {isa = PBXBuildFile; fileRef = 9C0CBB79187F1ECA00A81301 /* VerticalWeightViewController.m */; };
		9C0CBB7D187F235600A81301 /* SmartSliderViewController.m in Sources */ = {isa = PBXBuildFile; fileRef = 9C0CBB7C187F235600A81301 /* SmartSliderViewController.m */; };
		9C0CBB7E187F235600A81301 /* SmartSliderViewController.m in Sources */ = {isa = PBXBuildFile; fileRef = 9C0CBB7C187F235600A81301 /* SmartSliderViewController.m */; };
		9C0CBB81187F253300A81301 /* LevelerViewController.m in Sources */ = {isa = PBXBuildFile; fileRef = 9C0CBB80187F253300A81301 /* LevelerViewController.m */; };
		9C0CBB82187F253300A81301 /* LevelerViewController.m in Sources */ = {isa = PBXBuildFile; fileRef = 9C0CBB80187F253300A81301 /* LevelerViewController.m */; };
		9C0CBB85187F2AF500A81301 /* GamepadViewController.m in Sources */ = {isa = PBXBuildFile; fileRef = 9C0CBB84187F2AF500A81301 /* GamepadViewController.m */; };
		9C0CBB86187F2AF500A81301 /* GamepadViewController.m in Sources */ = {isa = PBXBuildFile; fileRef = 9C0CBB84187F2AF500A81301 /* GamepadViewController.m */; };
		9C0CBB90187F2D0200A81301 /* Down-D-Pad.png in Resources */ = {isa = PBXBuildFile; fileRef = 9C0CBB87187F2D0200A81301 /* Down-D-Pad.png */; };
		9C0CBB91187F2D0200A81301 /* Down-D-Pad.png in Resources */ = {isa = PBXBuildFile; fileRef = 9C0CBB87187F2D0200A81301 /* Down-D-Pad.png */; };
		9C0CBB92187F2D0200A81301 /* DownLeft-D-Pad.png in Resources */ = {isa = PBXBuildFile; fileRef = 9C0CBB88187F2D0200A81301 /* DownLeft-D-Pad.png */; };
		9C0CBB93187F2D0200A81301 /* DownLeft-D-Pad.png in Resources */ = {isa = PBXBuildFile; fileRef = 9C0CBB88187F2D0200A81301 /* DownLeft-D-Pad.png */; };
		9C0CBB94187F2D0200A81301 /* DownRight-D-Pad.png in Resources */ = {isa = PBXBuildFile; fileRef = 9C0CBB89187F2D0200A81301 /* DownRight-D-Pad.png */; };
		9C0CBB95187F2D0200A81301 /* DownRight-D-Pad.png in Resources */ = {isa = PBXBuildFile; fileRef = 9C0CBB89187F2D0200A81301 /* DownRight-D-Pad.png */; };
		9C0CBB96187F2D0200A81301 /* Left-D-Pad.png in Resources */ = {isa = PBXBuildFile; fileRef = 9C0CBB8A187F2D0200A81301 /* Left-D-Pad.png */; };
		9C0CBB97187F2D0200A81301 /* Left-D-Pad.png in Resources */ = {isa = PBXBuildFile; fileRef = 9C0CBB8A187F2D0200A81301 /* Left-D-Pad.png */; };
		9C0CBB98187F2D0200A81301 /* Normal-D-Pad.png in Resources */ = {isa = PBXBuildFile; fileRef = 9C0CBB8B187F2D0200A81301 /* Normal-D-Pad.png */; };
		9C0CBB99187F2D0200A81301 /* Normal-D-Pad.png in Resources */ = {isa = PBXBuildFile; fileRef = 9C0CBB8B187F2D0200A81301 /* Normal-D-Pad.png */; };
		9C0CBB9A187F2D0200A81301 /* Right-D-Pad.png in Resources */ = {isa = PBXBuildFile; fileRef = 9C0CBB8C187F2D0200A81301 /* Right-D-Pad.png */; };
		9C0CBB9B187F2D0200A81301 /* Right-D-Pad.png in Resources */ = {isa = PBXBuildFile; fileRef = 9C0CBB8C187F2D0200A81301 /* Right-D-Pad.png */; };
		9C0CBB9C187F2D0200A81301 /* Up-D-Pad.png in Resources */ = {isa = PBXBuildFile; fileRef = 9C0CBB8D187F2D0200A81301 /* Up-D-Pad.png */; };
		9C0CBB9D187F2D0200A81301 /* Up-D-Pad.png in Resources */ = {isa = PBXBuildFile; fileRef = 9C0CBB8D187F2D0200A81301 /* Up-D-Pad.png */; };
		9C0CBB9E187F2D0200A81301 /* UpLeft-D-Pad.png in Resources */ = {isa = PBXBuildFile; fileRef = 9C0CBB8E187F2D0200A81301 /* UpLeft-D-Pad.png */; };
		9C0CBB9F187F2D0200A81301 /* UpLeft-D-Pad.png in Resources */ = {isa = PBXBuildFile; fileRef = 9C0CBB8E187F2D0200A81301 /* UpLeft-D-Pad.png */; };
		9C0CBBA0187F2D0200A81301 /* UpRight-D-Pad.png in Resources */ = {isa = PBXBuildFile; fileRef = 9C0CBB8F187F2D0200A81301 /* UpRight-D-Pad.png */; };
		9C0CBBA1187F2D0200A81301 /* UpRight-D-Pad.png in Resources */ = {isa = PBXBuildFile; fileRef = 9C0CBB8F187F2D0200A81301 /* UpRight-D-Pad.png */; };
		9C0CBBA4187F3A7200A81301 /* TwoDLevelerViewController.m in Sources */ = {isa = PBXBuildFile; fileRef = 9C0CBBA3187F3A7200A81301 /* TwoDLevelerViewController.m */; };
		9C0CBBA5187F3A7200A81301 /* TwoDLevelerViewController.m in Sources */ = {isa = PBXBuildFile; fileRef = 9C0CBBA3187F3A7200A81301 /* TwoDLevelerViewController.m */; };
		9C0CBBAA187F3BF900A81301 /* info_bttn.png in Resources */ = {isa = PBXBuildFile; fileRef = 9C0CBBA6187F3BF900A81301 /* info_bttn.png */; };
		9C0CBBAB187F3BF900A81301 /* info_bttn.png in Resources */ = {isa = PBXBuildFile; fileRef = 9C0CBBA6187F3BF900A81301 /* info_bttn.png */; };
		9C0CBBAC187F3BF900A81301 /* Leveler-Base.png in Resources */ = {isa = PBXBuildFile; fileRef = 9C0CBBA7187F3BF900A81301 /* Leveler-Base.png */; };
		9C0CBBAD187F3BF900A81301 /* Leveler-Base.png in Resources */ = {isa = PBXBuildFile; fileRef = 9C0CBBA7187F3BF900A81301 /* Leveler-Base.png */; };
		9C0CBBAE187F3BF900A81301 /* Leveler-Bubble.png in Resources */ = {isa = PBXBuildFile; fileRef = 9C0CBBA8187F3BF900A81301 /* Leveler-Bubble.png */; };
		9C0CBBAF187F3BF900A81301 /* Leveler-Bubble.png in Resources */ = {isa = PBXBuildFile; fileRef = 9C0CBBA8187F3BF900A81301 /* Leveler-Bubble.png */; };
		9C0CBBB0187F3BF900A81301 /* Leveler-Marks.png in Resources */ = {isa = PBXBuildFile; fileRef = 9C0CBBA9187F3BF900A81301 /* Leveler-Marks.png */; };
		9C0CBBB1187F3BF900A81301 /* Leveler-Marks.png in Resources */ = {isa = PBXBuildFile; fileRef = 9C0CBBA9187F3BF900A81301 /* Leveler-Marks.png */; };
		9C44767E1886F2D200693184 /* AEExpandableControl.m in Sources */ = {isa = PBXBuildFile; fileRef = 9C44767D1886F2D200693184 /* AEExpandableControl.m */; };
		9C44767F1886F2D200693184 /* AEExpandableControl.m in Sources */ = {isa = PBXBuildFile; fileRef = 9C44767D1886F2D200693184 /* AEExpandableControl.m */; };
		9C447681188744B700693184 /* original.jpg in Resources */ = {isa = PBXBuildFile; fileRef = 9C447680188744B700693184 /* original.jpg */; };
		9C447682188744B700693184 /* original.jpg in Resources */ = {isa = PBXBuildFile; fileRef = 9C447680188744B700693184 /* original.jpg */; };
		9C4476861888610700693184 /* AETimeDelayControl.m in Sources */ = {isa = PBXBuildFile; fileRef = 9C4476851888610700693184 /* AETimeDelayControl.m */; };
		9C4476871888610700693184 /* AETimeDelayControl.m in Sources */ = {isa = PBXBuildFile; fileRef = 9C4476851888610700693184 /* AETimeDelayControl.m */; };
		9C44768A1888611600693184 /* TimeDelayViewController.m in Sources */ = {isa = PBXBuildFile; fileRef = 9C4476891888611600693184 /* TimeDelayViewController.m */; };
		9C44768B1888611600693184 /* TimeDelayViewController.m in Sources */ = {isa = PBXBuildFile; fileRef = 9C4476891888611600693184 /* TimeDelayViewController.m */; };
		9C4476901888887000693184 /* TestControlWidget.m in Sources */ = {isa = PBXBuildFile; fileRef = 9C44768F1888887000693184 /* TestControlWidget.m */; };
		9C4476911888887000693184 /* TestControlWidget.m in Sources */ = {isa = PBXBuildFile; fileRef = 9C44768F1888887000693184 /* TestControlWidget.m */; };
		9C4476941888887A00693184 /* TestActionWidget.m in Sources */ = {isa = PBXBuildFile; fileRef = 9C4476931888887A00693184 /* TestActionWidget.m */; };
		9C4476951888887A00693184 /* TestActionWidget.m in Sources */ = {isa = PBXBuildFile; fileRef = 9C4476931888887A00693184 /* TestActionWidget.m */; };
		9C837AD21880678200C65054 /* collapse_toggle_alt_basic-512.png in Resources */ = {isa = PBXBuildFile; fileRef = 9C837AD01880678200C65054 /* collapse_toggle_alt_basic-512.png */; };
		9C837AD31880678200C65054 /* collapse_toggle_alt_basic-512.png in Resources */ = {isa = PBXBuildFile; fileRef = 9C837AD01880678200C65054 /* collapse_toggle_alt_basic-512.png */; };
		9C837AD41880678200C65054 /* window_fullscreen_2-512.png in Resources */ = {isa = PBXBuildFile; fileRef = 9C837AD11880678200C65054 /* window_fullscreen_2-512.png */; };
		9C837AD51880678200C65054 /* window_fullscreen_2-512.png in Resources */ = {isa = PBXBuildFile; fileRef = 9C837AD11880678200C65054 /* window_fullscreen_2-512.png */; };
		9C837AD81880846600C65054 /* TestControlViewController.m in Sources */ = {isa = PBXBuildFile; fileRef = 9C837AD71880846600C65054 /* TestControlViewController.m */; };
		9C837AD91880846600C65054 /* TestControlViewController.m in Sources */ = {isa = PBXBuildFile; fileRef = 9C837AD71880846600C65054 /* TestControlViewController.m */; };
		9C837ADC1880849200C65054 /* OldTestControl.m in Sources */ = {isa = PBXBuildFile; fileRef = 9C837ADB1880849200C65054 /* OldTestControl.m */; };
		9C837ADD1880849200C65054 /* OldTestControl.m in Sources */ = {isa = PBXBuildFile; fileRef = 9C837ADB1880849200C65054 /* OldTestControl.m */; };
		9CA86D2F187F5D30004FB0A7 /* NumberOutputViewController.m in Sources */ = {isa = PBXBuildFile; fileRef = 9CA86D2E187F5D30004FB0A7 /* NumberOutputViewController.m */; };
		9CA86D30187F5D30004FB0A7 /* NumberOutputViewController.m in Sources */ = {isa = PBXBuildFile; fileRef = 9CA86D2E187F5D30004FB0A7 /* NumberOutputViewController.m */; };
		9CA86D33187F5D52004FB0A7 /* AENumericalDisplay.m in Sources */ = {isa = PBXBuildFile; fileRef = 9CA86D32187F5D52004FB0A7 /* AENumericalDisplay.m */; };
		9CA86D34187F5D52004FB0A7 /* AENumericalDisplay.m in Sources */ = {isa = PBXBuildFile; fileRef = 9CA86D32187F5D52004FB0A7 /* AENumericalDisplay.m */; };
		9CA86D37187F6BC0004FB0A7 /* National-Bold.otf in Resources */ = {isa = PBXBuildFile; fileRef = 9CA86D35187F6BC0004FB0A7 /* National-Bold.otf */; };
		9CA86D38187F6BC0004FB0A7 /* National-Bold.otf in Resources */ = {isa = PBXBuildFile; fileRef = 9CA86D35187F6BC0004FB0A7 /* National-Bold.otf */; };
		9CA86D39187F6BC0004FB0A7 /* National-Book.otf in Resources */ = {isa = PBXBuildFile; fileRef = 9CA86D36187F6BC0004FB0A7 /* National-Book.otf */; };
		9CA86D3A187F6BC0004FB0A7 /* National-Book.otf in Resources */ = {isa = PBXBuildFile; fileRef = 9CA86D36187F6BC0004FB0A7 /* National-Book.otf */; };
		9CB02F40187DE1D40063B78A /* Foundation.framework in Frameworks */ = {isa = PBXBuildFile; fileRef = 9CB02F3F187DE1D40063B78A /* Foundation.framework */; };
		9CB02F42187DE1D40063B78A /* CoreGraphics.framework in Frameworks */ = {isa = PBXBuildFile; fileRef = 9CB02F41187DE1D40063B78A /* CoreGraphics.framework */; };
		9CB02F44187DE1D40063B78A /* UIKit.framework in Frameworks */ = {isa = PBXBuildFile; fileRef = 9CB02F43187DE1D40063B78A /* UIKit.framework */; };
		9CB02F4A187DE1D40063B78A /* InfoPlist.strings in Resources */ = {isa = PBXBuildFile; fileRef = 9CB02F48187DE1D40063B78A /* InfoPlist.strings */; };
		9CB02F4C187DE1D40063B78A /* main.m in Sources */ = {isa = PBXBuildFile; fileRef = 9CB02F4B187DE1D40063B78A /* main.m */; };
		9CB02F50187DE1D40063B78A /* AEAppDelegate.m in Sources */ = {isa = PBXBuildFile; fileRef = 9CB02F4F187DE1D40063B78A /* AEAppDelegate.m */; };
		9CB02F53187DE1D40063B78A /* Main_iPhone.storyboard in Resources */ = {isa = PBXBuildFile; fileRef = 9CB02F51187DE1D40063B78A /* Main_iPhone.storyboard */; };
		9CB02F56187DE1D40063B78A /* Main_iPad.storyboard in Resources */ = {isa = PBXBuildFile; fileRef = 9CB02F54187DE1D40063B78A /* Main_iPad.storyboard */; };
		9CB02F5E187DE1D40063B78A /* Images.xcassets in Resources */ = {isa = PBXBuildFile; fileRef = 9CB02F5D187DE1D40063B78A /* Images.xcassets */; };
		9CB02F65187DE1D40063B78A /* XCTest.framework in Frameworks */ = {isa = PBXBuildFile; fileRef = 9CB02F64187DE1D40063B78A /* XCTest.framework */; };
		9CB02F66187DE1D40063B78A /* Foundation.framework in Frameworks */ = {isa = PBXBuildFile; fileRef = 9CB02F3F187DE1D40063B78A /* Foundation.framework */; };
		9CB02F67187DE1D40063B78A /* UIKit.framework in Frameworks */ = {isa = PBXBuildFile; fileRef = 9CB02F43187DE1D40063B78A /* UIKit.framework */; };
		9CB02F6F187DE1D40063B78A /* InfoPlist.strings in Resources */ = {isa = PBXBuildFile; fileRef = 9CB02F6D187DE1D40063B78A /* InfoPlist.strings */; };
		9CB02F71187DE1D40063B78A /* Widget_ZooTests.m in Sources */ = {isa = PBXBuildFile; fileRef = 9CB02F70187DE1D40063B78A /* Widget_ZooTests.m */; };
		9CB02F7D187DE2B70063B78A /* AEControl.m in Sources */ = {isa = PBXBuildFile; fileRef = 9CB02F7C187DE2B70063B78A /* AEControl.m */; };
		9CB02F7E187DE2B70063B78A /* AEControl.m in Sources */ = {isa = PBXBuildFile; fileRef = 9CB02F7C187DE2B70063B78A /* AEControl.m */; };
		9CB02F8B187DE2D10063B78A /* AEBarMeterInput.m in Sources */ = {isa = PBXBuildFile; fileRef = 9CB02F80187DE2D10063B78A /* AEBarMeterInput.m */; };
		9CB02F8C187DE2D10063B78A /* AEBarMeterInput.m in Sources */ = {isa = PBXBuildFile; fileRef = 9CB02F80187DE2D10063B78A /* AEBarMeterInput.m */; };
		9CB02F8D187DE2D10063B78A /* AECameraInput.m in Sources */ = {isa = PBXBuildFile; fileRef = 9CB02F82187DE2D10063B78A /* AECameraInput.m */; };
		9CB02F8E187DE2D10063B78A /* AECameraInput.m in Sources */ = {isa = PBXBuildFile; fileRef = 9CB02F82187DE2D10063B78A /* AECameraInput.m */; };
		9CB02F8F187DE2D10063B78A /* AEMusicInput.m in Sources */ = {isa = PBXBuildFile; fileRef = 9CB02F84187DE2D10063B78A /* AEMusicInput.m */; };
		9CB02F90187DE2D10063B78A /* AEMusicInput.m in Sources */ = {isa = PBXBuildFile; fileRef = 9CB02F84187DE2D10063B78A /* AEMusicInput.m */; };
		9CB02F91187DE2D10063B78A /* AEPitchInput.m in Sources */ = {isa = PBXBuildFile; fileRef = 9CB02F86187DE2D10063B78A /* AEPitchInput.m */; };
		9CB02F92187DE2D10063B78A /* AEPitchInput.m in Sources */ = {isa = PBXBuildFile; fileRef = 9CB02F86187DE2D10063B78A /* AEPitchInput.m */; };
		9CB02F93187DE2D10063B78A /* AEDialInput.m in Sources */ = {isa = PBXBuildFile; fileRef = 9CB02F88187DE2D10063B78A /* AEDialInput.m */; };
		9CB02F94187DE2D10063B78A /* AEDialInput.m in Sources */ = {isa = PBXBuildFile; fileRef = 9CB02F88187DE2D10063B78A /* AEDialInput.m */; };
		9CB02F95187DE2D10063B78A /* AEVolumeInput.m in Sources */ = {isa = PBXBuildFile; fileRef = 9CB02F8A187DE2D10063B78A /* AEVolumeInput.m */; };
		9CB02F96187DE2D10063B78A /* AEVolumeInput.m in Sources */ = {isa = PBXBuildFile; fileRef = 9CB02F8A187DE2D10063B78A /* AEVolumeInput.m */; };
		9CB02FC3187DE31E0063B78A /* AE2DLeveler.m in Sources */ = {isa = PBXBuildFile; fileRef = 9CB02FAD187DE31E0063B78A /* AE2DLeveler.m */; };
		9CB02FC4187DE31E0063B78A /* AE2DLeveler.m in Sources */ = {isa = PBXBuildFile; fileRef = 9CB02FAD187DE31E0063B78A /* AE2DLeveler.m */; };
		9CB02FC5187DE31E0063B78A /* AEButton.m in Sources */ = {isa = PBXBuildFile; fileRef = 9CB02FAE187DE31E0063B78A /* AEButton.m */; };
		9CB02FC6187DE31E0063B78A /* AEButton.m in Sources */ = {isa = PBXBuildFile; fileRef = 9CB02FAE187DE31E0063B78A /* AEButton.m */; };
		9CB02FC7187DE31E0063B78A /* AEGamepad.m in Sources */ = {isa = PBXBuildFile; fileRef = 9CB02FAF187DE31E0063B78A /* AEGamepad.m */; };
		9CB02FC8187DE31E0063B78A /* AEGamepad.m in Sources */ = {isa = PBXBuildFile; fileRef = 9CB02FAF187DE31E0063B78A /* AEGamepad.m */; };
		9CB02FC9187DE31E0063B78A /* AEHorizontalLeveler.m in Sources */ = {isa = PBXBuildFile; fileRef = 9CB02FB0187DE31E0063B78A /* AEHorizontalLeveler.m */; };
		9CB02FCA187DE31E0063B78A /* AEHorizontalLeveler.m in Sources */ = {isa = PBXBuildFile; fileRef = 9CB02FB0187DE31E0063B78A /* AEHorizontalLeveler.m */; };
		9CB02FCB187DE31E0063B78A /* AEHorizontalSprungWeight.m in Sources */ = {isa = PBXBuildFile; fileRef = 9CB02FB1187DE31E0063B78A /* AEHorizontalSprungWeight.m */; };
		9CB02FCC187DE31E0063B78A /* AEHorizontalSprungWeight.m in Sources */ = {isa = PBXBuildFile; fileRef = 9CB02FB1187DE31E0063B78A /* AEHorizontalSprungWeight.m */; };
		9CB02FCD187DE31E0063B78A /* AELeveler.m in Sources */ = {isa = PBXBuildFile; fileRef = 9CB02FB2187DE31E0063B78A /* AELeveler.m */; };
		9CB02FCE187DE31E0063B78A /* AELeveler.m in Sources */ = {isa = PBXBuildFile; fileRef = 9CB02FB2187DE31E0063B78A /* AELeveler.m */; };
		9CB02FCF187DE31E0063B78A /* AENoiseMeter.m in Sources */ = {isa = PBXBuildFile; fileRef = 9CB02FB3187DE31E0063B78A /* AENoiseMeter.m */; };
		9CB02FD0187DE31E0063B78A /* AENoiseMeter.m in Sources */ = {isa = PBXBuildFile; fileRef = 9CB02FB3187DE31E0063B78A /* AENoiseMeter.m */; };
		9CB02FD1187DE31E0063B78A /* AESlider.m in Sources */ = {isa = PBXBuildFile; fileRef = 9CB02FB4187DE31E0063B78A /* AESlider.m */; };
		9CB02FD2187DE31E0063B78A /* AESlider.m in Sources */ = {isa = PBXBuildFile; fileRef = 9CB02FB4187DE31E0063B78A /* AESlider.m */; };
		9CB02FD3187DE31E0063B78A /* AESprungWeight.m in Sources */ = {isa = PBXBuildFile; fileRef = 9CB02FB5187DE31E0063B78A /* AESprungWeight.m */; };
		9CB02FD4187DE31E0063B78A /* AESprungWeight.m in Sources */ = {isa = PBXBuildFile; fileRef = 9CB02FB5187DE31E0063B78A /* AESprungWeight.m */; };
		9CB02FD5187DE31E0063B78A /* AEToggle.m in Sources */ = {isa = PBXBuildFile; fileRef = 9CB02FB6187DE31E0063B78A /* AEToggle.m */; };
		9CB02FD6187DE31E0063B78A /* AEToggle.m in Sources */ = {isa = PBXBuildFile; fileRef = 9CB02FB6187DE31E0063B78A /* AEToggle.m */; };
		9CB02FD7187DE31E0063B78A /* AEVerticalLeveler.m in Sources */ = {isa = PBXBuildFile; fileRef = 9CB02FB7187DE31E0063B78A /* AEVerticalLeveler.m */; };
		9CB02FD8187DE31E0063B78A /* AEVerticalLeveler.m in Sources */ = {isa = PBXBuildFile; fileRef = 9CB02FB7187DE31E0063B78A /* AEVerticalLeveler.m */; };
		9CB02FD9187DE31E0063B78A /* AEVerticalSprungWeight.m in Sources */ = {isa = PBXBuildFile; fileRef = 9CB02FB8187DE31E0063B78A /* AEVerticalSprungWeight.m */; };
		9CB02FDA187DE31E0063B78A /* AEVerticalSprungWeight.m in Sources */ = {isa = PBXBuildFile; fileRef = 9CB02FB8187DE31E0063B78A /* AEVerticalSprungWeight.m */; };
		9CB02FE1187DE51F0063B78A /* AEControlTheme.m in Sources */ = {isa = PBXBuildFile; fileRef = 9CB02FDC187DE51F0063B78A /* AEControlTheme.m */; };
		9CB02FE2187DE51F0063B78A /* AEControlTheme.m in Sources */ = {isa = PBXBuildFile; fileRef = 9CB02FDC187DE51F0063B78A /* AEControlTheme.m */; };
		9CB02FE3187DE51F0063B78A /* AEAtomsControlTheme.m in Sources */ = {isa = PBXBuildFile; fileRef = 9CB02FDE187DE51F0063B78A /* AEAtomsControlTheme.m */; };
		9CB02FE4187DE51F0063B78A /* AEAtomsControlTheme.m in Sources */ = {isa = PBXBuildFile; fileRef = 9CB02FDE187DE51F0063B78A /* AEAtomsControlTheme.m */; };
		9CB02FE5187DE51F0063B78A /* AEColorCodedControlTheme.m in Sources */ = {isa = PBXBuildFile; fileRef = 9CB02FE0187DE51F0063B78A /* AEColorCodedControlTheme.m */; };
		9CB02FE6187DE51F0063B78A /* AEColorCodedControlTheme.m in Sources */ = {isa = PBXBuildFile; fileRef = 9CB02FE0187DE51F0063B78A /* AEColorCodedControlTheme.m */; };
		9CB02FEE187DE6A50063B78A /* AESharedAudioManager.m in Sources */ = {isa = PBXBuildFile; fileRef = 9CB02FEA187DE6A50063B78A /* AESharedAudioManager.m */; };
		9CB02FEF187DE6A50063B78A /* AESharedAudioManager.m in Sources */ = {isa = PBXBuildFile; fileRef = 9CB02FEA187DE6A50063B78A /* AESharedAudioManager.m */; };
		9CB02FF0187DE6A50063B78A /* AEToneUnit.m in Sources */ = {isa = PBXBuildFile; fileRef = 9CB02FEC187DE6A50063B78A /* AEToneUnit.m */; };
		9CB02FF1187DE6A50063B78A /* AEToneUnit.m in Sources */ = {isa = PBXBuildFile; fileRef = 9CB02FEC187DE6A50063B78A /* AEToneUnit.m */; };
		9CB02FF5187DE6DC0063B78A /* UIColor+Utilities.m in Sources */ = {isa = PBXBuildFile; fileRef = 9CB02FF4187DE6DC0063B78A /* UIColor+Utilities.m */; };
		9CB02FF6187DE6DC0063B78A /* UIColor+Utilities.m in Sources */ = {isa = PBXBuildFile; fileRef = 9CB02FF4187DE6DC0063B78A /* UIColor+Utilities.m */; };
		9CB02FF9187DEA260063B78A /* ControlMenuViewController.m in Sources */ = {isa = PBXBuildFile; fileRef = 9CB02FF8187DEA260063B78A /* ControlMenuViewController.m */; };
		9CB02FFA187DEA260063B78A /* ControlMenuViewController.m in Sources */ = {isa = PBXBuildFile; fileRef = 9CB02FF8187DEA260063B78A /* ControlMenuViewController.m */; };
		9CB02FFD187DEB070063B78A /* PageDescriptor.m in Sources */ = {isa = PBXBuildFile; fileRef = 9CB02FFC187DEB070063B78A /* PageDescriptor.m */; };
		9CB02FFE187DEB070063B78A /* PageDescriptor.m in Sources */ = {isa = PBXBuildFile; fileRef = 9CB02FFC187DEB070063B78A /* PageDescriptor.m */; };
		9CB0300E187DF6AF0063B78A /* Control Panel Measurements in Resources */ = {isa = PBXBuildFile; fileRef = 9CB0300D187DF6AF0063B78A /* Control Panel Measurements */; };
		9CB0300F187DF6AF0063B78A /* Control Panel Measurements in Resources */ = {isa = PBXBuildFile; fileRef = 9CB0300D187DF6AF0063B78A /* Control Panel Measurements */; };
		9CB03012187DF83E0063B78A /* ControlDetailViewController.m in Sources */ = {isa = PBXBuildFile; fileRef = 9CB03011187DF83E0063B78A /* ControlDetailViewController.m */; };
		9CB03013187DF83E0063B78A /* ControlDetailViewController.m in Sources */ = {isa = PBXBuildFile; fileRef = 9CB03011187DF83E0063B78A /* ControlDetailViewController.m */; };
		9CB03016187DFEE10063B78A /* DialViewController.m in Sources */ = {isa = PBXBuildFile; fileRef = 9CB03015187DFEE10063B78A /* DialViewController.m */; };
		9CB03017187DFEE10063B78A /* DialViewController.m in Sources */ = {isa = PBXBuildFile; fileRef = 9CB03015187DFEE10063B78A /* DialViewController.m */; };
		9CB03019187E02080063B78A /* ControlImages.xcassets in Resources */ = {isa = PBXBuildFile; fileRef = 9CB03018187E02080063B78A /* ControlImages.xcassets */; };
		9CB0301A187E02080063B78A /* ControlImages.xcassets in Resources */ = {isa = PBXBuildFile; fileRef = 9CB03018187E02080063B78A /* ControlImages.xcassets */; };
		9CB0301C187E02280063B78A /* ColorCodedWidgets.xcassets in Resources */ = {isa = PBXBuildFile; fileRef = 9CB0301B187E02280063B78A /* ColorCodedWidgets.xcassets */; };
		9CB0301D187E02280063B78A /* ColorCodedWidgets.xcassets in Resources */ = {isa = PBXBuildFile; fileRef = 9CB0301B187E02280063B78A /* ColorCodedWidgets.xcassets */; };
		9CB03020187E03EE0063B78A /* BarMeterViewController.m in Sources */ = {isa = PBXBuildFile; fileRef = 9CB0301F187E03EE0063B78A /* BarMeterViewController.m */; };
		9CB03021187E03EE0063B78A /* BarMeterViewController.m in Sources */ = {isa = PBXBuildFile; fileRef = 9CB0301F187E03EE0063B78A /* BarMeterViewController.m */; };
		9CB03024187E0CFC0063B78A /* ToggleSwitchViewController.m in Sources */ = {isa = PBXBuildFile; fileRef = 9CB03023187E0CFC0063B78A /* ToggleSwitchViewController.m */; };
		9CB03025187E0CFC0063B78A /* ToggleSwitchViewController.m in Sources */ = {isa = PBXBuildFile; fileRef = 9CB03023187E0CFC0063B78A /* ToggleSwitchViewController.m */; };
		9CB03027187E10870063B78A /* Back.png in Resources */ = {isa = PBXBuildFile; fileRef = 9CB03026187E10870063B78A /* Back.png */; };
		9CB03028187E10870063B78A /* Back.png in Resources */ = {isa = PBXBuildFile; fileRef = 9CB03026187E10870063B78A /* Back.png */; };
		9CB0302B187E13490063B78A /* SliderViewController.m in Sources */ = {isa = PBXBuildFile; fileRef = 9CB0302A187E13490063B78A /* SliderViewController.m */; };
		9CB0302C187E13490063B78A /* SliderViewController.m in Sources */ = {isa = PBXBuildFile; fileRef = 9CB0302A187E13490063B78A /* SliderViewController.m */; };
		9CB0302F187E171B0063B78A /* ButtonViewController.m in Sources */ = {isa = PBXBuildFile; fileRef = 9CB0302E187E171B0063B78A /* ButtonViewController.m */; };
		9CB03030187E171B0063B78A /* ButtonViewController.m in Sources */ = {isa = PBXBuildFile; fileRef = 9CB0302E187E171B0063B78A /* ButtonViewController.m */; };
		9CB03033187E1B390063B78A /* VolumeViewController.m in Sources */ = {isa = PBXBuildFile; fileRef = 9CB03032187E1B390063B78A /* VolumeViewController.m */; };
		9CB03034187E1B390063B78A /* VolumeViewController.m in Sources */ = {isa = PBXBuildFile; fileRef = 9CB03032187E1B390063B78A /* VolumeViewController.m */; };
		9CB03037187E1D3F0063B78A /* PitchControlViewController.m in Sources */ = {isa = PBXBuildFile; fileRef = 9CB03036187E1D3F0063B78A /* PitchControlViewController.m */; };
		9CB03038187E1D3F0063B78A /* PitchControlViewController.m in Sources */ = {isa = PBXBuildFile; fileRef = 9CB03036187E1D3F0063B78A /* PitchControlViewController.m */; };
		9CB0303B187E1F940063B78A /* PlayPauseViewController.m in Sources */ = {isa = PBXBuildFile; fileRef = 9CB0303A187E1F940063B78A /* PlayPauseViewController.m */; };
		9CB0303C187E1F940063B78A /* PlayPauseViewController.m in Sources */ = {isa = PBXBuildFile; fileRef = 9CB0303A187E1F940063B78A /* PlayPauseViewController.m */; };
		9CB0303F187E25E50063B78A /* CameraViewController.m in Sources */ = {isa = PBXBuildFile; fileRef = 9CB0303E187E25E50063B78A /* CameraViewController.m */; };
		9CB03040187E25E50063B78A /* CameraViewController.m in Sources */ = {isa = PBXBuildFile; fileRef = 9CB0303E187E25E50063B78A /* CameraViewController.m */; };
		9CE5747C1885F74500BC82FD /* OverlayDial.m in Sources */ = {isa = PBXBuildFile; fileRef = 9CE5747B1885F74500BC82FD /* OverlayDial.m */; };
		9CE5747D1885F74500BC82FD /* OverlayDial.m in Sources */ = {isa = PBXBuildFile; fileRef = 9CE5747B1885F74500BC82FD /* OverlayDial.m */; };
/* End PBXBuildFile section */

/* Begin PBXContainerItemProxy section */
		9CB02F68187DE1D40063B78A /* PBXContainerItemProxy */ = {
			isa = PBXContainerItemProxy;
			containerPortal = 9CB02F34187DE1D40063B78A /* Project object */;
			proxyType = 1;
			remoteGlobalIDString = 9CB02F3B187DE1D40063B78A;
			remoteInfo = "Widget Zoo";
		};
/* End PBXContainerItemProxy section */

/* Begin PBXFileReference section */
		9C0CBB72187F147900A81301 /* NoiseMeterViewController.h */ = {isa = PBXFileReference; fileEncoding = 4; lastKnownFileType = sourcecode.c.h; path = NoiseMeterViewController.h; sourceTree = "<group>"; };
		9C0CBB73187F147900A81301 /* NoiseMeterViewController.m */ = {isa = PBXFileReference; fileEncoding = 4; lastKnownFileType = sourcecode.c.objc; path = NoiseMeterViewController.m; sourceTree = "<group>"; };
		9C0CBB75187F17EB00A81301 /* HorizontalWeightViewController.h */ = {isa = PBXFileReference; fileEncoding = 4; lastKnownFileType = sourcecode.c.h; path = HorizontalWeightViewController.h; sourceTree = "<group>"; };
		9C0CBB76187F17EB00A81301 /* HorizontalWeightViewController.m */ = {isa = PBXFileReference; fileEncoding = 4; lastKnownFileType = sourcecode.c.objc; path = HorizontalWeightViewController.m; sourceTree = "<group>"; };
		9C0CBB78187F1ECA00A81301 /* VerticalWeightViewController.h */ = {isa = PBXFileReference; fileEncoding = 4; lastKnownFileType = sourcecode.c.h; path = VerticalWeightViewController.h; sourceTree = "<group>"; };
		9C0CBB79187F1ECA00A81301 /* VerticalWeightViewController.m */ = {isa = PBXFileReference; fileEncoding = 4; lastKnownFileType = sourcecode.c.objc; path = VerticalWeightViewController.m; sourceTree = "<group>"; };
		9C0CBB7B187F235600A81301 /* SmartSliderViewController.h */ = {isa = PBXFileReference; fileEncoding = 4; lastKnownFileType = sourcecode.c.h; path = SmartSliderViewController.h; sourceTree = "<group>"; };
		9C0CBB7C187F235600A81301 /* SmartSliderViewController.m */ = {isa = PBXFileReference; fileEncoding = 4; lastKnownFileType = sourcecode.c.objc; path = SmartSliderViewController.m; sourceTree = "<group>"; };
		9C0CBB7F187F253300A81301 /* LevelerViewController.h */ = {isa = PBXFileReference; fileEncoding = 4; lastKnownFileType = sourcecode.c.h; path = LevelerViewController.h; sourceTree = "<group>"; };
		9C0CBB80187F253300A81301 /* LevelerViewController.m */ = {isa = PBXFileReference; fileEncoding = 4; lastKnownFileType = sourcecode.c.objc; path = LevelerViewController.m; sourceTree = "<group>"; };
		9C0CBB83187F2AF500A81301 /* GamepadViewController.h */ = {isa = PBXFileReference; fileEncoding = 4; lastKnownFileType = sourcecode.c.h; path = GamepadViewController.h; sourceTree = "<group>"; };
		9C0CBB84187F2AF500A81301 /* GamepadViewController.m */ = {isa = PBXFileReference; fileEncoding = 4; lastKnownFileType = sourcecode.c.objc; path = GamepadViewController.m; sourceTree = "<group>"; };
		9C0CBB87187F2D0200A81301 /* Down-D-Pad.png */ = {isa = PBXFileReference; lastKnownFileType = image.png; path = "Down-D-Pad.png"; sourceTree = "<group>"; };
		9C0CBB88187F2D0200A81301 /* DownLeft-D-Pad.png */ = {isa = PBXFileReference; lastKnownFileType = image.png; path = "DownLeft-D-Pad.png"; sourceTree = "<group>"; };
		9C0CBB89187F2D0200A81301 /* DownRight-D-Pad.png */ = {isa = PBXFileReference; lastKnownFileType = image.png; path = "DownRight-D-Pad.png"; sourceTree = "<group>"; };
		9C0CBB8A187F2D0200A81301 /* Left-D-Pad.png */ = {isa = PBXFileReference; lastKnownFileType = image.png; path = "Left-D-Pad.png"; sourceTree = "<group>"; };
		9C0CBB8B187F2D0200A81301 /* Normal-D-Pad.png */ = {isa = PBXFileReference; lastKnownFileType = image.png; path = "Normal-D-Pad.png"; sourceTree = "<group>"; };
		9C0CBB8C187F2D0200A81301 /* Right-D-Pad.png */ = {isa = PBXFileReference; lastKnownFileType = image.png; path = "Right-D-Pad.png"; sourceTree = "<group>"; };
		9C0CBB8D187F2D0200A81301 /* Up-D-Pad.png */ = {isa = PBXFileReference; lastKnownFileType = image.png; path = "Up-D-Pad.png"; sourceTree = "<group>"; };
		9C0CBB8E187F2D0200A81301 /* UpLeft-D-Pad.png */ = {isa = PBXFileReference; lastKnownFileType = image.png; path = "UpLeft-D-Pad.png"; sourceTree = "<group>"; };
		9C0CBB8F187F2D0200A81301 /* UpRight-D-Pad.png */ = {isa = PBXFileReference; lastKnownFileType = image.png; path = "UpRight-D-Pad.png"; sourceTree = "<group>"; };
		9C0CBBA2187F3A7200A81301 /* TwoDLevelerViewController.h */ = {isa = PBXFileReference; fileEncoding = 4; lastKnownFileType = sourcecode.c.h; path = TwoDLevelerViewController.h; sourceTree = "<group>"; };
		9C0CBBA3187F3A7200A81301 /* TwoDLevelerViewController.m */ = {isa = PBXFileReference; fileEncoding = 4; lastKnownFileType = sourcecode.c.objc; path = TwoDLevelerViewController.m; sourceTree = "<group>"; };
		9C0CBBA6187F3BF900A81301 /* info_bttn.png */ = {isa = PBXFileReference; lastKnownFileType = image.png; path = info_bttn.png; sourceTree = "<group>"; };
		9C0CBBA7187F3BF900A81301 /* Leveler-Base.png */ = {isa = PBXFileReference; lastKnownFileType = image.png; path = "Leveler-Base.png"; sourceTree = "<group>"; };
		9C0CBBA8187F3BF900A81301 /* Leveler-Bubble.png */ = {isa = PBXFileReference; lastKnownFileType = image.png; path = "Leveler-Bubble.png"; sourceTree = "<group>"; };
		9C0CBBA9187F3BF900A81301 /* Leveler-Marks.png */ = {isa = PBXFileReference; lastKnownFileType = image.png; path = "Leveler-Marks.png"; sourceTree = "<group>"; };
		9C44767C1886F2D200693184 /* AEExpandableControl.h */ = {isa = PBXFileReference; fileEncoding = 4; lastKnownFileType = sourcecode.c.h; path = AEExpandableControl.h; sourceTree = "<group>"; };
		9C44767D1886F2D200693184 /* AEExpandableControl.m */ = {isa = PBXFileReference; fileEncoding = 4; lastKnownFileType = sourcecode.c.objc; path = AEExpandableControl.m; sourceTree = "<group>"; };
		9C447680188744B700693184 /* original.jpg */ = {isa = PBXFileReference; lastKnownFileType = image.jpeg; path = original.jpg; sourceTree = "<group>"; };
		9C4476841888610700693184 /* AETimeDelayControl.h */ = {isa = PBXFileReference; fileEncoding = 4; lastKnownFileType = sourcecode.c.h; path = AETimeDelayControl.h; sourceTree = "<group>"; };
		9C4476851888610700693184 /* AETimeDelayControl.m */ = {isa = PBXFileReference; fileEncoding = 4; lastKnownFileType = sourcecode.c.objc; path = AETimeDelayControl.m; sourceTree = "<group>"; };
		9C4476881888611600693184 /* TimeDelayViewController.h */ = {isa = PBXFileReference; fileEncoding = 4; lastKnownFileType = sourcecode.c.h; path = TimeDelayViewController.h; sourceTree = "<group>"; };
		9C4476891888611600693184 /* TimeDelayViewController.m */ = {isa = PBXFileReference; fileEncoding = 4; lastKnownFileType = sourcecode.c.objc; path = TimeDelayViewController.m; sourceTree = "<group>"; };
		9C44768E1888887000693184 /* TestControlWidget.h */ = {isa = PBXFileReference; fileEncoding = 4; lastKnownFileType = sourcecode.c.h; path = TestControlWidget.h; sourceTree = "<group>"; };
		9C44768F1888887000693184 /* TestControlWidget.m */ = {isa = PBXFileReference; fileEncoding = 4; lastKnownFileType = sourcecode.c.objc; path = TestControlWidget.m; sourceTree = "<group>"; };
		9C4476921888887A00693184 /* TestActionWidget.h */ = {isa = PBXFileReference; fileEncoding = 4; lastKnownFileType = sourcecode.c.h; path = TestActionWidget.h; sourceTree = "<group>"; };
		9C4476931888887A00693184 /* TestActionWidget.m */ = {isa = PBXFileReference; fileEncoding = 4; lastKnownFileType = sourcecode.c.objc; path = TestActionWidget.m; sourceTree = "<group>"; };
		9C837AD01880678200C65054 /* collapse_toggle_alt_basic-512.png */ = {isa = PBXFileReference; lastKnownFileType = image.png; path = "collapse_toggle_alt_basic-512.png"; sourceTree = "<group>"; };
		9C837AD11880678200C65054 /* window_fullscreen_2-512.png */ = {isa = PBXFileReference; lastKnownFileType = image.png; path = "window_fullscreen_2-512.png"; sourceTree = "<group>"; };
		9C837AD61880846600C65054 /* TestControlViewController.h */ = {isa = PBXFileReference; fileEncoding = 4; lastKnownFileType = sourcecode.c.h; path = TestControlViewController.h; sourceTree = "<group>"; };
		9C837AD71880846600C65054 /* TestControlViewController.m */ = {isa = PBXFileReference; fileEncoding = 4; lastKnownFileType = sourcecode.c.objc; path = TestControlViewController.m; sourceTree = "<group>"; };
		9C837ADA1880849200C65054 /* OldTestControl.h */ = {isa = PBXFileReference; fileEncoding = 4; lastKnownFileType = sourcecode.c.h; path = OldTestControl.h; sourceTree = "<group>"; };
		9C837ADB1880849200C65054 /* OldTestControl.m */ = {isa = PBXFileReference; fileEncoding = 4; lastKnownFileType = sourcecode.c.objc; path = OldTestControl.m; sourceTree = "<group>"; };
		9CA86D2D187F5D30004FB0A7 /* NumberOutputViewController.h */ = {isa = PBXFileReference; fileEncoding = 4; lastKnownFileType = sourcecode.c.h; path = NumberOutputViewController.h; sourceTree = "<group>"; };
		9CA86D2E187F5D30004FB0A7 /* NumberOutputViewController.m */ = {isa = PBXFileReference; fileEncoding = 4; lastKnownFileType = sourcecode.c.objc; path = NumberOutputViewController.m; sourceTree = "<group>"; };
		9CA86D31187F5D52004FB0A7 /* AENumericalDisplay.h */ = {isa = PBXFileReference; fileEncoding = 4; lastKnownFileType = sourcecode.c.h; path = AENumericalDisplay.h; sourceTree = "<group>"; };
		9CA86D32187F5D52004FB0A7 /* AENumericalDisplay.m */ = {isa = PBXFileReference; fileEncoding = 4; lastKnownFileType = sourcecode.c.objc; path = AENumericalDisplay.m; sourceTree = "<group>"; };
		9CA86D35187F6BC0004FB0A7 /* National-Bold.otf */ = {isa = PBXFileReference; lastKnownFileType = file; path = "National-Bold.otf"; sourceTree = "<group>"; };
		9CA86D36187F6BC0004FB0A7 /* National-Book.otf */ = {isa = PBXFileReference; lastKnownFileType = file; path = "National-Book.otf"; sourceTree = "<group>"; };
		9CB02F3C187DE1D40063B78A /* Widget Zoo.app */ = {isa = PBXFileReference; explicitFileType = wrapper.application; includeInIndex = 0; path = "Widget Zoo.app"; sourceTree = BUILT_PRODUCTS_DIR; };
		9CB02F3F187DE1D40063B78A /* Foundation.framework */ = {isa = PBXFileReference; lastKnownFileType = wrapper.framework; name = Foundation.framework; path = System/Library/Frameworks/Foundation.framework; sourceTree = SDKROOT; };
		9CB02F41187DE1D40063B78A /* CoreGraphics.framework */ = {isa = PBXFileReference; lastKnownFileType = wrapper.framework; name = CoreGraphics.framework; path = System/Library/Frameworks/CoreGraphics.framework; sourceTree = SDKROOT; };
		9CB02F43187DE1D40063B78A /* UIKit.framework */ = {isa = PBXFileReference; lastKnownFileType = wrapper.framework; name = UIKit.framework; path = System/Library/Frameworks/UIKit.framework; sourceTree = SDKROOT; };
		9CB02F47187DE1D40063B78A /* Widget Zoo-Info.plist */ = {isa = PBXFileReference; lastKnownFileType = text.plist.xml; path = "Widget Zoo-Info.plist"; sourceTree = "<group>"; };
		9CB02F49187DE1D40063B78A /* en */ = {isa = PBXFileReference; lastKnownFileType = text.plist.strings; name = en; path = en.lproj/InfoPlist.strings; sourceTree = "<group>"; };
		9CB02F4B187DE1D40063B78A /* main.m */ = {isa = PBXFileReference; lastKnownFileType = sourcecode.c.objc; path = main.m; sourceTree = "<group>"; };
		9CB02F4D187DE1D40063B78A /* Widget Zoo-Prefix.pch */ = {isa = PBXFileReference; lastKnownFileType = sourcecode.c.h; path = "Widget Zoo-Prefix.pch"; sourceTree = "<group>"; };
		9CB02F4E187DE1D40063B78A /* AEAppDelegate.h */ = {isa = PBXFileReference; lastKnownFileType = sourcecode.c.h; path = AEAppDelegate.h; sourceTree = "<group>"; };
		9CB02F4F187DE1D40063B78A /* AEAppDelegate.m */ = {isa = PBXFileReference; lastKnownFileType = sourcecode.c.objc; path = AEAppDelegate.m; sourceTree = "<group>"; };
		9CB02F52187DE1D40063B78A /* Base */ = {isa = PBXFileReference; lastKnownFileType = file.storyboard; name = Base; path = Base.lproj/Main_iPhone.storyboard; sourceTree = "<group>"; };
		9CB02F55187DE1D40063B78A /* Base */ = {isa = PBXFileReference; lastKnownFileType = file.storyboard; name = Base; path = Base.lproj/Main_iPad.storyboard; sourceTree = "<group>"; };
		9CB02F5D187DE1D40063B78A /* Images.xcassets */ = {isa = PBXFileReference; lastKnownFileType = folder.assetcatalog; path = Images.xcassets; sourceTree = "<group>"; };
		9CB02F63187DE1D40063B78A /* Widget ZooTests.xctest */ = {isa = PBXFileReference; explicitFileType = wrapper.cfbundle; includeInIndex = 0; path = "Widget ZooTests.xctest"; sourceTree = BUILT_PRODUCTS_DIR; };
		9CB02F64187DE1D40063B78A /* XCTest.framework */ = {isa = PBXFileReference; lastKnownFileType = wrapper.framework; name = XCTest.framework; path = Library/Frameworks/XCTest.framework; sourceTree = DEVELOPER_DIR; };
		9CB02F6C187DE1D40063B78A /* Widget ZooTests-Info.plist */ = {isa = PBXFileReference; lastKnownFileType = text.plist.xml; path = "Widget ZooTests-Info.plist"; sourceTree = "<group>"; };
		9CB02F6E187DE1D40063B78A /* en */ = {isa = PBXFileReference; lastKnownFileType = text.plist.strings; name = en; path = en.lproj/InfoPlist.strings; sourceTree = "<group>"; };
		9CB02F70187DE1D40063B78A /* Widget_ZooTests.m */ = {isa = PBXFileReference; lastKnownFileType = sourcecode.c.objc; path = Widget_ZooTests.m; sourceTree = "<group>"; };
		9CB02F7B187DE2B70063B78A /* AEControl.h */ = {isa = PBXFileReference; fileEncoding = 4; lastKnownFileType = sourcecode.c.h; path = AEControl.h; sourceTree = "<group>"; };
		9CB02F7C187DE2B70063B78A /* AEControl.m */ = {isa = PBXFileReference; fileEncoding = 4; lastKnownFileType = sourcecode.c.objc; path = AEControl.m; sourceTree = "<group>"; };
		9CB02F7F187DE2D10063B78A /* AEBarMeterInput.h */ = {isa = PBXFileReference; fileEncoding = 4; lastKnownFileType = sourcecode.c.h; path = AEBarMeterInput.h; sourceTree = "<group>"; };
		9CB02F80187DE2D10063B78A /* AEBarMeterInput.m */ = {isa = PBXFileReference; fileEncoding = 4; lastKnownFileType = sourcecode.c.objc; path = AEBarMeterInput.m; sourceTree = "<group>"; };
		9CB02F81187DE2D10063B78A /* AECameraInput.h */ = {isa = PBXFileReference; fileEncoding = 4; lastKnownFileType = sourcecode.c.h; path = AECameraInput.h; sourceTree = "<group>"; };
		9CB02F82187DE2D10063B78A /* AECameraInput.m */ = {isa = PBXFileReference; fileEncoding = 4; lastKnownFileType = sourcecode.c.objc; path = AECameraInput.m; sourceTree = "<group>"; };
		9CB02F83187DE2D10063B78A /* AEMusicInput.h */ = {isa = PBXFileReference; fileEncoding = 4; lastKnownFileType = sourcecode.c.h; path = AEMusicInput.h; sourceTree = "<group>"; };
		9CB02F84187DE2D10063B78A /* AEMusicInput.m */ = {isa = PBXFileReference; fileEncoding = 4; lastKnownFileType = sourcecode.c.objc; path = AEMusicInput.m; sourceTree = "<group>"; };
		9CB02F85187DE2D10063B78A /* AEPitchInput.h */ = {isa = PBXFileReference; fileEncoding = 4; lastKnownFileType = sourcecode.c.h; path = AEPitchInput.h; sourceTree = "<group>"; };
		9CB02F86187DE2D10063B78A /* AEPitchInput.m */ = {isa = PBXFileReference; fileEncoding = 4; lastKnownFileType = sourcecode.c.objc; path = AEPitchInput.m; sourceTree = "<group>"; };
		9CB02F87187DE2D10063B78A /* AEDialInput.h */ = {isa = PBXFileReference; fileEncoding = 4; lastKnownFileType = sourcecode.c.h; path = AEDialInput.h; sourceTree = "<group>"; };
		9CB02F88187DE2D10063B78A /* AEDialInput.m */ = {isa = PBXFileReference; fileEncoding = 4; lastKnownFileType = sourcecode.c.objc; path = AEDialInput.m; sourceTree = "<group>"; };
		9CB02F89187DE2D10063B78A /* AEVolumeInput.h */ = {isa = PBXFileReference; fileEncoding = 4; lastKnownFileType = sourcecode.c.h; path = AEVolumeInput.h; sourceTree = "<group>"; };
		9CB02F8A187DE2D10063B78A /* AEVolumeInput.m */ = {isa = PBXFileReference; fileEncoding = 4; lastKnownFileType = sourcecode.c.objc; path = AEVolumeInput.m; sourceTree = "<group>"; };
		9CB02F97187DE31E0063B78A /* AE2DLeveler.h */ = {isa = PBXFileReference; fileEncoding = 4; lastKnownFileType = sourcecode.c.h; path = AE2DLeveler.h; sourceTree = "<group>"; };
		9CB02F98187DE31E0063B78A /* AEButton.h */ = {isa = PBXFileReference; fileEncoding = 4; lastKnownFileType = sourcecode.c.h; path = AEButton.h; sourceTree = "<group>"; };
		9CB02F99187DE31E0063B78A /* AEGamepad.h */ = {isa = PBXFileReference; fileEncoding = 4; lastKnownFileType = sourcecode.c.h; path = AEGamepad.h; sourceTree = "<group>"; };
		9CB02F9A187DE31E0063B78A /* AEHorizontalLeveler.h */ = {isa = PBXFileReference; fileEncoding = 4; lastKnownFileType = sourcecode.c.h; path = AEHorizontalLeveler.h; sourceTree = "<group>"; };
		9CB02F9B187DE31E0063B78A /* AEHorizontalSprungWeight.h */ = {isa = PBXFileReference; fileEncoding = 4; lastKnownFileType = sourcecode.c.h; path = AEHorizontalSprungWeight.h; sourceTree = "<group>"; };
		9CB02F9C187DE31E0063B78A /* AELeveler.h */ = {isa = PBXFileReference; fileEncoding = 4; lastKnownFileType = sourcecode.c.h; path = AELeveler.h; sourceTree = "<group>"; };
		9CB02F9D187DE31E0063B78A /* AENoiseMeter.h */ = {isa = PBXFileReference; fileEncoding = 4; lastKnownFileType = sourcecode.c.h; path = AENoiseMeter.h; sourceTree = "<group>"; };
		9CB02F9E187DE31E0063B78A /* AESlider.h */ = {isa = PBXFileReference; fileEncoding = 4; lastKnownFileType = sourcecode.c.h; path = AESlider.h; sourceTree = "<group>"; };
		9CB02F9F187DE31E0063B78A /* AESprungWeight.h */ = {isa = PBXFileReference; fileEncoding = 4; lastKnownFileType = sourcecode.c.h; path = AESprungWeight.h; sourceTree = "<group>"; };
		9CB02FA0187DE31E0063B78A /* AEToggle.h */ = {isa = PBXFileReference; fileEncoding = 4; lastKnownFileType = sourcecode.c.h; path = AEToggle.h; sourceTree = "<group>"; };
		9CB02FA1187DE31E0063B78A /* AEVerticalLeveler.h */ = {isa = PBXFileReference; fileEncoding = 4; lastKnownFileType = sourcecode.c.h; path = AEVerticalLeveler.h; sourceTree = "<group>"; };
		9CB02FA2187DE31E0063B78A /* AEVerticalSprungWeight.h */ = {isa = PBXFileReference; fileEncoding = 4; lastKnownFileType = sourcecode.c.h; path = AEVerticalSprungWeight.h; sourceTree = "<group>"; };
		9CB02FAD187DE31E0063B78A /* AE2DLeveler.m */ = {isa = PBXFileReference; fileEncoding = 4; lastKnownFileType = sourcecode.c.objc; path = AE2DLeveler.m; sourceTree = "<group>"; };
		9CB02FAE187DE31E0063B78A /* AEButton.m */ = {isa = PBXFileReference; fileEncoding = 4; lastKnownFileType = sourcecode.c.objc; path = AEButton.m; sourceTree = "<group>"; };
		9CB02FAF187DE31E0063B78A /* AEGamepad.m */ = {isa = PBXFileReference; fileEncoding = 4; lastKnownFileType = sourcecode.c.objc; path = AEGamepad.m; sourceTree = "<group>"; };
		9CB02FB0187DE31E0063B78A /* AEHorizontalLeveler.m */ = {isa = PBXFileReference; fileEncoding = 4; lastKnownFileType = sourcecode.c.objc; path = AEHorizontalLeveler.m; sourceTree = "<group>"; };
		9CB02FB1187DE31E0063B78A /* AEHorizontalSprungWeight.m */ = {isa = PBXFileReference; fileEncoding = 4; lastKnownFileType = sourcecode.c.objc; path = AEHorizontalSprungWeight.m; sourceTree = "<group>"; };
		9CB02FB2187DE31E0063B78A /* AELeveler.m */ = {isa = PBXFileReference; fileEncoding = 4; lastKnownFileType = sourcecode.c.objc; path = AELeveler.m; sourceTree = "<group>"; };
		9CB02FB3187DE31E0063B78A /* AENoiseMeter.m */ = {isa = PBXFileReference; fileEncoding = 4; lastKnownFileType = sourcecode.c.objc; path = AENoiseMeter.m; sourceTree = "<group>"; };
		9CB02FB4187DE31E0063B78A /* AESlider.m */ = {isa = PBXFileReference; fileEncoding = 4; lastKnownFileType = sourcecode.c.objc; path = AESlider.m; sourceTree = "<group>"; };
		9CB02FB5187DE31E0063B78A /* AESprungWeight.m */ = {isa = PBXFileReference; fileEncoding = 4; lastKnownFileType = sourcecode.c.objc; path = AESprungWeight.m; sourceTree = "<group>"; };
		9CB02FB6187DE31E0063B78A /* AEToggle.m */ = {isa = PBXFileReference; fileEncoding = 4; lastKnownFileType = sourcecode.c.objc; path = AEToggle.m; sourceTree = "<group>"; };
		9CB02FB7187DE31E0063B78A /* AEVerticalLeveler.m */ = {isa = PBXFileReference; fileEncoding = 4; lastKnownFileType = sourcecode.c.objc; path = AEVerticalLeveler.m; sourceTree = "<group>"; };
		9CB02FB8187DE31E0063B78A /* AEVerticalSprungWeight.m */ = {isa = PBXFileReference; fileEncoding = 4; lastKnownFileType = sourcecode.c.objc; path = AEVerticalSprungWeight.m; sourceTree = "<group>"; };
		9CB02FDB187DE51F0063B78A /* AEControlTheme.h */ = {isa = PBXFileReference; fileEncoding = 4; lastKnownFileType = sourcecode.c.h; path = AEControlTheme.h; sourceTree = "<group>"; };
		9CB02FDC187DE51F0063B78A /* AEControlTheme.m */ = {isa = PBXFileReference; fileEncoding = 4; lastKnownFileType = sourcecode.c.objc; path = AEControlTheme.m; sourceTree = "<group>"; };
		9CB02FDD187DE51F0063B78A /* AEAtomsControlTheme.h */ = {isa = PBXFileReference; fileEncoding = 4; lastKnownFileType = sourcecode.c.h; path = AEAtomsControlTheme.h; sourceTree = "<group>"; };
		9CB02FDE187DE51F0063B78A /* AEAtomsControlTheme.m */ = {isa = PBXFileReference; fileEncoding = 4; lastKnownFileType = sourcecode.c.objc; path = AEAtomsControlTheme.m; sourceTree = "<group>"; };
		9CB02FDF187DE51F0063B78A /* AEColorCodedControlTheme.h */ = {isa = PBXFileReference; fileEncoding = 4; lastKnownFileType = sourcecode.c.h; path = AEColorCodedControlTheme.h; sourceTree = "<group>"; };
		9CB02FE0187DE51F0063B78A /* AEColorCodedControlTheme.m */ = {isa = PBXFileReference; fileEncoding = 4; lastKnownFileType = sourcecode.c.objc; path = AEColorCodedControlTheme.m; sourceTree = "<group>"; };
		9CB02FE9187DE6A50063B78A /* AESharedAudioManager.h */ = {isa = PBXFileReference; fileEncoding = 4; lastKnownFileType = sourcecode.c.h; path = AESharedAudioManager.h; sourceTree = "<group>"; };
		9CB02FEA187DE6A50063B78A /* AESharedAudioManager.m */ = {isa = PBXFileReference; fileEncoding = 4; lastKnownFileType = sourcecode.c.objc; path = AESharedAudioManager.m; sourceTree = "<group>"; };
		9CB02FEB187DE6A50063B78A /* AEToneUnit.h */ = {isa = PBXFileReference; fileEncoding = 4; lastKnownFileType = sourcecode.c.h; path = AEToneUnit.h; sourceTree = "<group>"; };
		9CB02FEC187DE6A50063B78A /* AEToneUnit.m */ = {isa = PBXFileReference; fileEncoding = 4; lastKnownFileType = sourcecode.c.objc; path = AEToneUnit.m; sourceTree = "<group>"; };
		9CB02FED187DE6A50063B78A /* AEVolumeChangeListener.h */ = {isa = PBXFileReference; fileEncoding = 4; lastKnownFileType = sourcecode.c.h; path = AEVolumeChangeListener.h; sourceTree = "<group>"; };
		9CB02FF3187DE6DC0063B78A /* UIColor+Utilities.h */ = {isa = PBXFileReference; fileEncoding = 4; lastKnownFileType = sourcecode.c.h; path = "UIColor+Utilities.h"; sourceTree = "<group>"; };
		9CB02FF4187DE6DC0063B78A /* UIColor+Utilities.m */ = {isa = PBXFileReference; fileEncoding = 4; lastKnownFileType = sourcecode.c.objc; path = "UIColor+Utilities.m"; sourceTree = "<group>"; };
		9CB02FF7187DEA260063B78A /* ControlMenuViewController.h */ = {isa = PBXFileReference; fileEncoding = 4; lastKnownFileType = sourcecode.c.h; path = ControlMenuViewController.h; sourceTree = "<group>"; };
		9CB02FF8187DEA260063B78A /* ControlMenuViewController.m */ = {isa = PBXFileReference; fileEncoding = 4; lastKnownFileType = sourcecode.c.objc; path = ControlMenuViewController.m; sourceTree = "<group>"; };
		9CB02FFB187DEB070063B78A /* PageDescriptor.h */ = {isa = PBXFileReference; fileEncoding = 4; lastKnownFileType = sourcecode.c.h; path = PageDescriptor.h; sourceTree = "<group>"; };
		9CB02FFC187DEB070063B78A /* PageDescriptor.m */ = {isa = PBXFileReference; fileEncoding = 4; lastKnownFileType = sourcecode.c.objc; path = PageDescriptor.m; sourceTree = "<group>"; };
		9CB0300D187DF6AF0063B78A /* Control Panel Measurements */ = {isa = PBXFileReference; fileEncoding = 4; lastKnownFileType = text; path = "Control Panel Measurements"; sourceTree = "<group>"; };
		9CB03010187DF83E0063B78A /* ControlDetailViewController.h */ = {isa = PBXFileReference; fileEncoding = 4; lastKnownFileType = sourcecode.c.h; path = ControlDetailViewController.h; sourceTree = "<group>"; };
		9CB03011187DF83E0063B78A /* ControlDetailViewController.m */ = {isa = PBXFileReference; fileEncoding = 4; lastKnownFileType = sourcecode.c.objc; path = ControlDetailViewController.m; sourceTree = "<group>"; };
		9CB03014187DFEE10063B78A /* DialViewController.h */ = {isa = PBXFileReference; fileEncoding = 4; lastKnownFileType = sourcecode.c.h; path = DialViewController.h; sourceTree = "<group>"; };
		9CB03015187DFEE10063B78A /* DialViewController.m */ = {isa = PBXFileReference; fileEncoding = 4; lastKnownFileType = sourcecode.c.objc; path = DialViewController.m; sourceTree = "<group>"; };
		9CB03018187E02080063B78A /* ControlImages.xcassets */ = {isa = PBXFileReference; lastKnownFileType = folder.assetcatalog; path = ControlImages.xcassets; sourceTree = "<group>"; };
		9CB0301B187E02280063B78A /* ColorCodedWidgets.xcassets */ = {isa = PBXFileReference; lastKnownFileType = folder.assetcatalog; path = ColorCodedWidgets.xcassets; sourceTree = "<group>"; };
		9CB0301E187E03EE0063B78A /* BarMeterViewController.h */ = {isa = PBXFileReference; fileEncoding = 4; lastKnownFileType = sourcecode.c.h; path = BarMeterViewController.h; sourceTree = "<group>"; };
		9CB0301F187E03EE0063B78A /* BarMeterViewController.m */ = {isa = PBXFileReference; fileEncoding = 4; lastKnownFileType = sourcecode.c.objc; path = BarMeterViewController.m; sourceTree = "<group>"; };
		9CB03022187E0CFC0063B78A /* ToggleSwitchViewController.h */ = {isa = PBXFileReference; fileEncoding = 4; lastKnownFileType = sourcecode.c.h; path = ToggleSwitchViewController.h; sourceTree = "<group>"; };
		9CB03023187E0CFC0063B78A /* ToggleSwitchViewController.m */ = {isa = PBXFileReference; fileEncoding = 4; lastKnownFileType = sourcecode.c.objc; path = ToggleSwitchViewController.m; sourceTree = "<group>"; };
		9CB03026187E10870063B78A /* Back.png */ = {isa = PBXFileReference; lastKnownFileType = image.png; path = Back.png; sourceTree = "<group>"; };
		9CB03029187E13490063B78A /* SliderViewController.h */ = {isa = PBXFileReference; fileEncoding = 4; lastKnownFileType = sourcecode.c.h; path = SliderViewController.h; sourceTree = "<group>"; };
		9CB0302A187E13490063B78A /* SliderViewController.m */ = {isa = PBXFileReference; fileEncoding = 4; lastKnownFileType = sourcecode.c.objc; path = SliderViewController.m; sourceTree = "<group>"; };
		9CB0302D187E171B0063B78A /* ButtonViewController.h */ = {isa = PBXFileReference; fileEncoding = 4; lastKnownFileType = sourcecode.c.h; path = ButtonViewController.h; sourceTree = "<group>"; };
		9CB0302E187E171B0063B78A /* ButtonViewController.m */ = {isa = PBXFileReference; fileEncoding = 4; lastKnownFileType = sourcecode.c.objc; path = ButtonViewController.m; sourceTree = "<group>"; };
		9CB03031187E1B390063B78A /* VolumeViewController.h */ = {isa = PBXFileReference; fileEncoding = 4; lastKnownFileType = sourcecode.c.h; path = VolumeViewController.h; sourceTree = "<group>"; };
		9CB03032187E1B390063B78A /* VolumeViewController.m */ = {isa = PBXFileReference; fileEncoding = 4; lastKnownFileType = sourcecode.c.objc; path = VolumeViewController.m; sourceTree = "<group>"; };
		9CB03035187E1D3F0063B78A /* PitchControlViewController.h */ = {isa = PBXFileReference; fileEncoding = 4; lastKnownFileType = sourcecode.c.h; path = PitchControlViewController.h; sourceTree = "<group>"; };
		9CB03036187E1D3F0063B78A /* PitchControlViewController.m */ = {isa = PBXFileReference; fileEncoding = 4; lastKnownFileType = sourcecode.c.objc; path = PitchControlViewController.m; sourceTree = "<group>"; };
		9CB03039187E1F940063B78A /* PlayPauseViewController.h */ = {isa = PBXFileReference; fileEncoding = 4; lastKnownFileType = sourcecode.c.h; path = PlayPauseViewController.h; sourceTree = "<group>"; };
		9CB0303A187E1F940063B78A /* PlayPauseViewController.m */ = {isa = PBXFileReference; fileEncoding = 4; lastKnownFileType = sourcecode.c.objc; path = PlayPauseViewController.m; sourceTree = "<group>"; };
		9CB0303D187E25E50063B78A /* CameraViewController.h */ = {isa = PBXFileReference; fileEncoding = 4; lastKnownFileType = sourcecode.c.h; path = CameraViewController.h; sourceTree = "<group>"; };
		9CB0303E187E25E50063B78A /* CameraViewController.m */ = {isa = PBXFileReference; fileEncoding = 4; lastKnownFileType = sourcecode.c.objc; path = CameraViewController.m; sourceTree = "<group>"; };
		9CE5747A1885F74500BC82FD /* OverlayDial.h */ = {isa = PBXFileReference; fileEncoding = 4; lastKnownFileType = sourcecode.c.h; path = OverlayDial.h; sourceTree = "<group>"; };
		9CE5747B1885F74500BC82FD /* OverlayDial.m */ = {isa = PBXFileReference; fileEncoding = 4; lastKnownFileType = sourcecode.c.objc; path = OverlayDial.m; sourceTree = "<group>"; };
/* End PBXFileReference section */

/* Begin PBXFrameworksBuildPhase section */
		9CB02F39187DE1D40063B78A /* Frameworks */ = {
			isa = PBXFrameworksBuildPhase;
			buildActionMask = 2147483647;
			files = (
				9CB02F42187DE1D40063B78A /* CoreGraphics.framework in Frameworks */,
				9CB02F44187DE1D40063B78A /* UIKit.framework in Frameworks */,
				9CB02F40187DE1D40063B78A /* Foundation.framework in Frameworks */,
			);
			runOnlyForDeploymentPostprocessing = 0;
		};
		9CB02F60187DE1D40063B78A /* Frameworks */ = {
			isa = PBXFrameworksBuildPhase;
			buildActionMask = 2147483647;
			files = (
				9CB02F65187DE1D40063B78A /* XCTest.framework in Frameworks */,
				9CB02F67187DE1D40063B78A /* UIKit.framework in Frameworks */,
				9CB02F66187DE1D40063B78A /* Foundation.framework in Frameworks */,
			);
			runOnlyForDeploymentPostprocessing = 0;
		};
/* End PBXFrameworksBuildPhase section */

/* Begin PBXGroup section */
		9C447683188860D600693184 /* TimeDelay */ = {
			isa = PBXGroup;
			children = (
				9C4476841888610700693184 /* AETimeDelayControl.h */,
				9C4476851888610700693184 /* AETimeDelayControl.m */,
				9C4476881888611600693184 /* TimeDelayViewController.h */,
				9C4476891888611600693184 /* TimeDelayViewController.m */,
			);
			name = TimeDelay;
			sourceTree = "<group>";
		};
		9C44768D1888884D00693184 /* Old Stuff */ = {
			isa = PBXGroup;
			children = (
				9C837ADA1880849200C65054 /* OldTestControl.h */,
				9C837ADB1880849200C65054 /* OldTestControl.m */,
				9CE5747A1885F74500BC82FD /* OverlayDial.h */,
				9CE5747B1885F74500BC82FD /* OverlayDial.m */,
				9C44767C1886F2D200693184 /* AEExpandableControl.h */,
				9C44767D1886F2D200693184 /* AEExpandableControl.m */,
			);
			name = "Old Stuff";
			sourceTree = "<group>";
		};
		9C837ADE1880849900C65054 /* Test Control */ = {
			isa = PBXGroup;
			children = (
				9C837AD61880846600C65054 /* TestControlViewController.h */,
				9C837AD71880846600C65054 /* TestControlViewController.m */,
				9C44768E1888887000693184 /* TestControlWidget.h */,
				9C44768F1888887000693184 /* TestControlWidget.m */,
				9C4476921888887A00693184 /* TestActionWidget.h */,
				9C4476931888887A00693184 /* TestActionWidget.m */,
				9C44768D1888884D00693184 /* Old Stuff */,
			);
			name = "Test Control";
			sourceTree = "<group>";
		};
		9CA86D2C187F5D09004FB0A7 /* Numerical Counter */ = {
			isa = PBXGroup;
			children = (
				9CA86D31187F5D52004FB0A7 /* AENumericalDisplay.h */,
				9CA86D32187F5D52004FB0A7 /* AENumericalDisplay.m */,
				9CA86D2D187F5D30004FB0A7 /* NumberOutputViewController.h */,
				9CA86D2E187F5D30004FB0A7 /* NumberOutputViewController.m */,
			);
			name = "Numerical Counter";
			sourceTree = "<group>";
		};
		9CA86D3B187F6BE0004FB0A7 /* Images */ = {
			isa = PBXGroup;
			children = (
				9C447680188744B700693184 /* original.jpg */,
				9C837AD01880678200C65054 /* collapse_toggle_alt_basic-512.png */,
				9C837AD11880678200C65054 /* window_fullscreen_2-512.png */,
				9C0CBBA6187F3BF900A81301 /* info_bttn.png */,
				9C0CBBA7187F3BF900A81301 /* Leveler-Base.png */,
				9C0CBBA8187F3BF900A81301 /* Leveler-Bubble.png */,
				9C0CBBA9187F3BF900A81301 /* Leveler-Marks.png */,
				9C0CBB87187F2D0200A81301 /* Down-D-Pad.png */,
				9C0CBB88187F2D0200A81301 /* DownLeft-D-Pad.png */,
				9C0CBB89187F2D0200A81301 /* DownRight-D-Pad.png */,
				9C0CBB8A187F2D0200A81301 /* Left-D-Pad.png */,
				9C0CBB8B187F2D0200A81301 /* Normal-D-Pad.png */,
				9C0CBB8C187F2D0200A81301 /* Right-D-Pad.png */,
				9C0CBB8D187F2D0200A81301 /* Up-D-Pad.png */,
				9C0CBB8E187F2D0200A81301 /* UpLeft-D-Pad.png */,
				9C0CBB8F187F2D0200A81301 /* UpRight-D-Pad.png */,
			);
			name = Images;
			sourceTree = "<group>";
		};
		9CA86D3C187F6BE9004FB0A7 /* National Typeface */ = {
			isa = PBXGroup;
			children = (
				9CA86D35187F6BC0004FB0A7 /* National-Bold.otf */,
				9CA86D36187F6BC0004FB0A7 /* National-Book.otf */,
			);
			name = "National Typeface";
			sourceTree = "<group>";
		};
		9CB02F33187DE1D40063B78A = {
			isa = PBXGroup;
			children = (
				9CB02F45187DE1D40063B78A /* Widget Zoo */,
				9CB02F6A187DE1D40063B78A /* Widget ZooTests */,
				9CB02F3E187DE1D40063B78A /* Frameworks */,
				9CB02F3D187DE1D40063B78A /* Products */,
			);
			sourceTree = "<group>";
		};
		9CB02F3D187DE1D40063B78A /* Products */ = {
			isa = PBXGroup;
			children = (
				9CB02F3C187DE1D40063B78A /* Widget Zoo.app */,
				9CB02F63187DE1D40063B78A /* Widget ZooTests.xctest */,
			);
			name = Products;
			sourceTree = "<group>";
		};
		9CB02F3E187DE1D40063B78A /* Frameworks */ = {
			isa = PBXGroup;
			children = (
				9CB02F3F187DE1D40063B78A /* Foundation.framework */,
				9CB02F41187DE1D40063B78A /* CoreGraphics.framework */,
				9CB02F43187DE1D40063B78A /* UIKit.framework */,
				9CB02F64187DE1D40063B78A /* XCTest.framework */,
			);
			name = Frameworks;
			sourceTree = "<group>";
		};
		9CB02F45187DE1D40063B78A /* Widget Zoo */ = {
			isa = PBXGroup;
			children = (
				9CB0301B187E02280063B78A /* ColorCodedWidgets.xcassets */,
				9CB03018187E02080063B78A /* ControlImages.xcassets */,
				9CB02F4E187DE1D40063B78A /* AEAppDelegate.h */,
				9CB02F4F187DE1D40063B78A /* AEAppDelegate.m */,
				9CB02F7B187DE2B70063B78A /* AEControl.h */,
				9CB02F7C187DE2B70063B78A /* AEControl.m */,
				9CB02FF3187DE6DC0063B78A /* UIColor+Utilities.h */,
				9CB02FF4187DE6DC0063B78A /* UIColor+Utilities.m */,
				9CB02FFB187DEB070063B78A /* PageDescriptor.h */,
				9CB02FFC187DEB070063B78A /* PageDescriptor.m */,
				9CB03026187E10870063B78A /* Back.png */,
				9CB02FF2187DE6AB0063B78A /* Audio */,
				9CB02FE7187DE5260063B78A /* UI Themes */,
				9CB02FE8187DE5380063B78A /* View Controllers */,
				9CB02F5D187DE1D40063B78A /* Images.xcassets */,
				9CB02F46187DE1D40063B78A /* Supporting Files */,
			);
			path = "Widget Zoo";
			sourceTree = "<group>";
		};
		9CB02F46187DE1D40063B78A /* Supporting Files */ = {
			isa = PBXGroup;
			children = (
				9CA86D3C187F6BE9004FB0A7 /* National Typeface */,
				9CA86D3B187F6BE0004FB0A7 /* Images */,
				9CB02F47187DE1D40063B78A /* Widget Zoo-Info.plist */,
				9CB02F48187DE1D40063B78A /* InfoPlist.strings */,
				9CB02F4B187DE1D40063B78A /* main.m */,
				9CB02F4D187DE1D40063B78A /* Widget Zoo-Prefix.pch */,
			);
			name = "Supporting Files";
			sourceTree = "<group>";
		};
		9CB02F6A187DE1D40063B78A /* Widget ZooTests */ = {
			isa = PBXGroup;
			children = (
				9CB02F70187DE1D40063B78A /* Widget_ZooTests.m */,
				9CB02F6B187DE1D40063B78A /* Supporting Files */,
			);
			path = "Widget ZooTests";
			sourceTree = "<group>";
		};
		9CB02F6B187DE1D40063B78A /* Supporting Files */ = {
			isa = PBXGroup;
			children = (
				9CB02F6C187DE1D40063B78A /* Widget ZooTests-Info.plist */,
				9CB02F6D187DE1D40063B78A /* InfoPlist.strings */,
			);
			name = "Supporting Files";
			sourceTree = "<group>";
		};
		9CB02FE7187DE5260063B78A /* UI Themes */ = {
			isa = PBXGroup;
			children = (
				9CB02FDB187DE51F0063B78A /* AEControlTheme.h */,
				9CB02FDC187DE51F0063B78A /* AEControlTheme.m */,
				9CB02FDD187DE51F0063B78A /* AEAtomsControlTheme.h */,
				9CB02FDE187DE51F0063B78A /* AEAtomsControlTheme.m */,
				9CB02FDF187DE51F0063B78A /* AEColorCodedControlTheme.h */,
				9CB02FE0187DE51F0063B78A /* AEColorCodedControlTheme.m */,
			);
			name = "UI Themes";
			sourceTree = "<group>";
		};
		9CB02FE8187DE5380063B78A /* View Controllers */ = {
			isa = PBXGroup;
			children = (
				9CB0300D187DF6AF0063B78A /* Control Panel Measurements */,
				9CB02F51187DE1D40063B78A /* Main_iPhone.storyboard */,
				9CB02F54187DE1D40063B78A /* Main_iPad.storyboard */,
				9CB02FF7187DEA260063B78A /* ControlMenuViewController.h */,
				9CB02FF8187DEA260063B78A /* ControlMenuViewController.m */,
				9CB03010187DF83E0063B78A /* ControlDetailViewController.h */,
				9CB03011187DF83E0063B78A /* ControlDetailViewController.m */,
				9C447683188860D600693184 /* TimeDelay */,
				9C837ADE1880849900C65054 /* Test Control */,
				9CB0300C187DF4CA0063B78A /* Volume Input */,
				9CB0300B187DF4BF0063B78A /* Dial Input */,
				9CB0300A187DF4B20063B78A /* Pitch Shift Input */,
				9CB03009187DF4A20063B78A /* Play / Pause Input */,
				9CB03008187DF4910063B78A /* Camera Input */,
				9CB03007187DF4840063B78A /* Bar Meter Input */,
				9CB03006187DF46D0063B78A /* Toggle Switch */,
				9CB03005187DF4570063B78A /* Sliders */,
				9CB03004187DF4460063B78A /* Noise Meter */,
				9CB03003187DF4200063B78A /* Sprung Weights */,
				9CB03002187DF4020063B78A /* Levelers */,
				9CB03001187DF3E80063B78A /* Gamepad */,
				9CB03000187DF3D10063B78A /* Button */,
				9CA86D2C187F5D09004FB0A7 /* Numerical Counter */,
				9CB02FFF187DF3A20063B78A /* 2D Leveler */,
			);
			name = "View Controllers";
			sourceTree = "<group>";
		};
		9CB02FF2187DE6AB0063B78A /* Audio */ = {
			isa = PBXGroup;
			children = (
				9CB02FE9187DE6A50063B78A /* AESharedAudioManager.h */,
				9CB02FEA187DE6A50063B78A /* AESharedAudioManager.m */,
				9CB02FEB187DE6A50063B78A /* AEToneUnit.h */,
				9CB02FEC187DE6A50063B78A /* AEToneUnit.m */,
				9CB02FED187DE6A50063B78A /* AEVolumeChangeListener.h */,
			);
			name = Audio;
			sourceTree = "<group>";
		};
		9CB02FFF187DF3A20063B78A /* 2D Leveler */ = {
			isa = PBXGroup;
			children = (
				9CB02F97187DE31E0063B78A /* AE2DLeveler.h */,
				9CB02FAD187DE31E0063B78A /* AE2DLeveler.m */,
				9C0CBBA2187F3A7200A81301 /* TwoDLevelerViewController.h */,
				9C0CBBA3187F3A7200A81301 /* TwoDLevelerViewController.m */,
			);
			name = "2D Leveler";
			sourceTree = "<group>";
		};
		9CB03000187DF3D10063B78A /* Button */ = {
			isa = PBXGroup;
			children = (
				9CB02F98187DE31E0063B78A /* AEButton.h */,
				9CB02FAE187DE31E0063B78A /* AEButton.m */,
				9CB0302D187E171B0063B78A /* ButtonViewController.h */,
				9CB0302E187E171B0063B78A /* ButtonViewController.m */,
			);
			name = Button;
			sourceTree = "<group>";
		};
		9CB03001187DF3E80063B78A /* Gamepad */ = {
			isa = PBXGroup;
			children = (
				9CB02F99187DE31E0063B78A /* AEGamepad.h */,
				9CB02FAF187DE31E0063B78A /* AEGamepad.m */,
				9C0CBB83187F2AF500A81301 /* GamepadViewController.h */,
				9C0CBB84187F2AF500A81301 /* GamepadViewController.m */,
			);
			name = Gamepad;
			sourceTree = "<group>";
		};
		9CB03002187DF4020063B78A /* Levelers */ = {
			isa = PBXGroup;
			children = (
				9CB02F9C187DE31E0063B78A /* AELeveler.h */,
				9CB02FB2187DE31E0063B78A /* AELeveler.m */,
				9CB02FA1187DE31E0063B78A /* AEVerticalLeveler.h */,
				9CB02FB7187DE31E0063B78A /* AEVerticalLeveler.m */,
				9CB02F9A187DE31E0063B78A /* AEHorizontalLeveler.h */,
				9CB02FB0187DE31E0063B78A /* AEHorizontalLeveler.m */,
				9C0CBB7F187F253300A81301 /* LevelerViewController.h */,
				9C0CBB80187F253300A81301 /* LevelerViewController.m */,
			);
			name = Levelers;
			sourceTree = "<group>";
		};
		9CB03003187DF4200063B78A /* Sprung Weights */ = {
			isa = PBXGroup;
			children = (
				9CB02F9F187DE31E0063B78A /* AESprungWeight.h */,
				9CB02FB5187DE31E0063B78A /* AESprungWeight.m */,
				9CB02FA2187DE31E0063B78A /* AEVerticalSprungWeight.h */,
				9CB02FB8187DE31E0063B78A /* AEVerticalSprungWeight.m */,
				9CB02F9B187DE31E0063B78A /* AEHorizontalSprungWeight.h */,
				9CB02FB1187DE31E0063B78A /* AEHorizontalSprungWeight.m */,
				9C0CBB75187F17EB00A81301 /* HorizontalWeightViewController.h */,
				9C0CBB76187F17EB00A81301 /* HorizontalWeightViewController.m */,
				9C0CBB78187F1ECA00A81301 /* VerticalWeightViewController.h */,
				9C0CBB79187F1ECA00A81301 /* VerticalWeightViewController.m */,
			);
			name = "Sprung Weights";
			sourceTree = "<group>";
		};
		9CB03004187DF4460063B78A /* Noise Meter */ = {
			isa = PBXGroup;
			children = (
				9CB02F9D187DE31E0063B78A /* AENoiseMeter.h */,
				9CB02FB3187DE31E0063B78A /* AENoiseMeter.m */,
				9C0CBB72187F147900A81301 /* NoiseMeterViewController.h */,
				9C0CBB73187F147900A81301 /* NoiseMeterViewController.m */,
			);
			name = "Noise Meter";
			sourceTree = "<group>";
		};
		9CB03005187DF4570063B78A /* Sliders */ = {
			isa = PBXGroup;
			children = (
				9CB02F9E187DE31E0063B78A /* AESlider.h */,
				9CB02FB4187DE31E0063B78A /* AESlider.m */,
				9CB03029187E13490063B78A /* SliderViewController.h */,
				9CB0302A187E13490063B78A /* SliderViewController.m */,
				9C0CBB7B187F235600A81301 /* SmartSliderViewController.h */,
				9C0CBB7C187F235600A81301 /* SmartSliderViewController.m */,
			);
			name = Sliders;
			sourceTree = "<group>";
		};
		9CB03006187DF46D0063B78A /* Toggle Switch */ = {
			isa = PBXGroup;
			children = (
				9CB02FA0187DE31E0063B78A /* AEToggle.h */,
				9CB02FB6187DE31E0063B78A /* AEToggle.m */,
				9CB03022187E0CFC0063B78A /* ToggleSwitchViewController.h */,
				9CB03023187E0CFC0063B78A /* ToggleSwitchViewController.m */,
			);
			name = "Toggle Switch";
			sourceTree = "<group>";
		};
		9CB03007187DF4840063B78A /* Bar Meter Input */ = {
			isa = PBXGroup;
			children = (
				9CB02F7F187DE2D10063B78A /* AEBarMeterInput.h */,
				9CB02F80187DE2D10063B78A /* AEBarMeterInput.m */,
				9CB0301E187E03EE0063B78A /* BarMeterViewController.h */,
				9CB0301F187E03EE0063B78A /* BarMeterViewController.m */,
			);
			name = "Bar Meter Input";
			sourceTree = "<group>";
		};
		9CB03008187DF4910063B78A /* Camera Input */ = {
			isa = PBXGroup;
			children = (
				9CB02F81187DE2D10063B78A /* AECameraInput.h */,
				9CB02F82187DE2D10063B78A /* AECameraInput.m */,
				9CB0303D187E25E50063B78A /* CameraViewController.h */,
				9CB0303E187E25E50063B78A /* CameraViewController.m */,
			);
			name = "Camera Input";
			sourceTree = "<group>";
		};
		9CB03009187DF4A20063B78A /* Play / Pause Input */ = {
			isa = PBXGroup;
			children = (
				9CB02F83187DE2D10063B78A /* AEMusicInput.h */,
				9CB02F84187DE2D10063B78A /* AEMusicInput.m */,
				9CB03039187E1F940063B78A /* PlayPauseViewController.h */,
				9CB0303A187E1F940063B78A /* PlayPauseViewController.m */,
			);
			name = "Play / Pause Input";
			sourceTree = "<group>";
		};
		9CB0300A187DF4B20063B78A /* Pitch Shift Input */ = {
			isa = PBXGroup;
			children = (
				9CB02F85187DE2D10063B78A /* AEPitchInput.h */,
				9CB02F86187DE2D10063B78A /* AEPitchInput.m */,
				9CB03035187E1D3F0063B78A /* PitchControlViewController.h */,
				9CB03036187E1D3F0063B78A /* PitchControlViewController.m */,
			);
			name = "Pitch Shift Input";
			sourceTree = "<group>";
		};
		9CB0300B187DF4BF0063B78A /* Dial Input */ = {
			isa = PBXGroup;
			children = (
				9CB02F87187DE2D10063B78A /* AEDialInput.h */,
				9CB02F88187DE2D10063B78A /* AEDialInput.m */,
				9CB03014187DFEE10063B78A /* DialViewController.h */,
				9CB03015187DFEE10063B78A /* DialViewController.m */,
			);
			name = "Dial Input";
			sourceTree = "<group>";
		};
		9CB0300C187DF4CA0063B78A /* Volume Input */ = {
			isa = PBXGroup;
			children = (
				9CB02F89187DE2D10063B78A /* AEVolumeInput.h */,
				9CB02F8A187DE2D10063B78A /* AEVolumeInput.m */,
				9CB03031187E1B390063B78A /* VolumeViewController.h */,
				9CB03032187E1B390063B78A /* VolumeViewController.m */,
			);
			name = "Volume Input";
			sourceTree = "<group>";
		};
/* End PBXGroup section */

/* Begin PBXNativeTarget section */
		9CB02F3B187DE1D40063B78A /* Widget Zoo */ = {
			isa = PBXNativeTarget;
			buildConfigurationList = 9CB02F74187DE1D40063B78A /* Build configuration list for PBXNativeTarget "Widget Zoo" */;
			buildPhases = (
				9CB02F38187DE1D40063B78A /* Sources */,
				9CB02F39187DE1D40063B78A /* Frameworks */,
				9CB02F3A187DE1D40063B78A /* Resources */,
			);
			buildRules = (
			);
			dependencies = (
			);
			name = "Widget Zoo";
			productName = "Widget Zoo";
			productReference = 9CB02F3C187DE1D40063B78A /* Widget Zoo.app */;
			productType = "com.apple.product-type.application";
		};
		9CB02F62187DE1D40063B78A /* Widget ZooTests */ = {
			isa = PBXNativeTarget;
			buildConfigurationList = 9CB02F77187DE1D40063B78A /* Build configuration list for PBXNativeTarget "Widget ZooTests" */;
			buildPhases = (
				9CB02F5F187DE1D40063B78A /* Sources */,
				9CB02F60187DE1D40063B78A /* Frameworks */,
				9CB02F61187DE1D40063B78A /* Resources */,
			);
			buildRules = (
			);
			dependencies = (
				9CB02F69187DE1D40063B78A /* PBXTargetDependency */,
			);
			name = "Widget ZooTests";
			productName = "Widget ZooTests";
			productReference = 9CB02F63187DE1D40063B78A /* Widget ZooTests.xctest */;
			productType = "com.apple.product-type.bundle.unit-test";
		};
/* End PBXNativeTarget section */

/* Begin PBXProject section */
		9CB02F34187DE1D40063B78A /* Project object */ = {
			isa = PBXProject;
			attributes = {
				CLASSPREFIX = AE;
				LastUpgradeCheck = 0500;
				ORGANIZATIONNAME = "Seamless Toy Co.";
				TargetAttributes = {
					9CB02F62187DE1D40063B78A = {
						TestTargetID = 9CB02F3B187DE1D40063B78A;
					};
				};
			};
			buildConfigurationList = 9CB02F37187DE1D40063B78A /* Build configuration list for PBXProject "Widget Zoo" */;
			compatibilityVersion = "Xcode 3.2";
			developmentRegion = English;
			hasScannedForEncodings = 0;
			knownRegions = (
				en,
				Base,
			);
			mainGroup = 9CB02F33187DE1D40063B78A;
			productRefGroup = 9CB02F3D187DE1D40063B78A /* Products */;
			projectDirPath = "";
			projectRoot = "";
			targets = (
				9CB02F3B187DE1D40063B78A /* Widget Zoo */,
				9CB02F62187DE1D40063B78A /* Widget ZooTests */,
			);
		};
/* End PBXProject section */

/* Begin PBXResourcesBuildPhase section */
		9CB02F3A187DE1D40063B78A /* Resources */ = {
			isa = PBXResourcesBuildPhase;
			buildActionMask = 2147483647;
			files = (
				9C0CBBB0187F3BF900A81301 /* Leveler-Marks.png in Resources */,
				9CB02F56187DE1D40063B78A /* Main_iPad.storyboard in Resources */,
				9C0CBBAE187F3BF900A81301 /* Leveler-Bubble.png in Resources */,
				9CB0300E187DF6AF0063B78A /* Control Panel Measurements in Resources */,
				9CB02F5E187DE1D40063B78A /* Images.xcassets in Resources */,
				9C0CBB92187F2D0200A81301 /* DownLeft-D-Pad.png in Resources */,
				9C0CBBAC187F3BF900A81301 /* Leveler-Base.png in Resources */,
				9CB03019187E02080063B78A /* ControlImages.xcassets in Resources */,
				9C0CBBAA187F3BF900A81301 /* info_bttn.png in Resources */,
				9C0CBB9A187F2D0200A81301 /* Right-D-Pad.png in Resources */,
				9C837AD21880678200C65054 /* collapse_toggle_alt_basic-512.png in Resources */,
				9C0CBB9E187F2D0200A81301 /* UpLeft-D-Pad.png in Resources */,
				9C0CBB94187F2D0200A81301 /* DownRight-D-Pad.png in Resources */,
				9CA86D37187F6BC0004FB0A7 /* National-Bold.otf in Resources */,
				9CB03027187E10870063B78A /* Back.png in Resources */,
				9C0CBB98187F2D0200A81301 /* Normal-D-Pad.png in Resources */,
				9C447681188744B700693184 /* original.jpg in Resources */,
				9CB0301C187E02280063B78A /* ColorCodedWidgets.xcassets in Resources */,
				9CB02F53187DE1D40063B78A /* Main_iPhone.storyboard in Resources */,
				9C0CBB90187F2D0200A81301 /* Down-D-Pad.png in Resources */,
				9CB02F4A187DE1D40063B78A /* InfoPlist.strings in Resources */,
				9C0CBB9C187F2D0200A81301 /* Up-D-Pad.png in Resources */,
				9CA86D39187F6BC0004FB0A7 /* National-Book.otf in Resources */,
				9C0CBBA0187F2D0200A81301 /* UpRight-D-Pad.png in Resources */,
				9C0CBB96187F2D0200A81301 /* Left-D-Pad.png in Resources */,
				9C837AD41880678200C65054 /* window_fullscreen_2-512.png in Resources */,
			);
			runOnlyForDeploymentPostprocessing = 0;
		};
		9CB02F61187DE1D40063B78A /* Resources */ = {
			isa = PBXResourcesBuildPhase;
			buildActionMask = 2147483647;
			files = (
				9C0CBBB1187F3BF900A81301 /* Leveler-Marks.png in Resources */,
				9CB0301A187E02080063B78A /* ControlImages.xcassets in Resources */,
				9C837AD51880678200C65054 /* window_fullscreen_2-512.png in Resources */,
				9CB0300F187DF6AF0063B78A /* Control Panel Measurements in Resources */,
				9C0CBB9B187F2D0200A81301 /* Right-D-Pad.png in Resources */,
				9CB03028187E10870063B78A /* Back.png in Resources */,
				9CB02F6F187DE1D40063B78A /* InfoPlist.strings in Resources */,
				9C0CBB91187F2D0200A81301 /* Down-D-Pad.png in Resources */,
				9C0CBB99187F2D0200A81301 /* Normal-D-Pad.png in Resources */,
				9C0CBB9D187F2D0200A81301 /* Up-D-Pad.png in Resources */,
				9C0CBBAB187F3BF900A81301 /* info_bttn.png in Resources */,
				9CA86D3A187F6BC0004FB0A7 /* National-Book.otf in Resources */,
				9C0CBBA1187F2D0200A81301 /* UpRight-D-Pad.png in Resources */,
				9C0CBBAF187F3BF900A81301 /* Leveler-Bubble.png in Resources */,
				9C447682188744B700693184 /* original.jpg in Resources */,
				9C0CBBAD187F3BF900A81301 /* Leveler-Base.png in Resources */,
				9C0CBB97187F2D0200A81301 /* Left-D-Pad.png in Resources */,
				9C0CBB9F187F2D0200A81301 /* UpLeft-D-Pad.png in Resources */,
				9CA86D38187F6BC0004FB0A7 /* National-Bold.otf in Resources */,
				9CB0301D187E02280063B78A /* ColorCodedWidgets.xcassets in Resources */,
				9C0CBB93187F2D0200A81301 /* DownLeft-D-Pad.png in Resources */,
				9C837AD31880678200C65054 /* collapse_toggle_alt_basic-512.png in Resources */,
				9C0CBB95187F2D0200A81301 /* DownRight-D-Pad.png in Resources */,
			);
			runOnlyForDeploymentPostprocessing = 0;
		};
/* End PBXResourcesBuildPhase section */

/* Begin PBXSourcesBuildPhase section */
		9CB02F38187DE1D40063B78A /* Sources */ = {
			isa = PBXSourcesBuildPhase;
			buildActionMask = 2147483647;
			files = (
				9C837AD81880846600C65054 /* TestControlViewController.m in Sources */,
				9CB02FCF187DE31E0063B78A /* AENoiseMeter.m in Sources */,
				9CA86D2F187F5D30004FB0A7 /* NumberOutputViewController.m in Sources */,
				9CB02FD5187DE31E0063B78A /* AEToggle.m in Sources */,
				9C0CBB7A187F1ECA00A81301 /* VerticalWeightViewController.m in Sources */,
				9CB02F8F187DE2D10063B78A /* AEMusicInput.m in Sources */,
				9CB02F50187DE1D40063B78A /* AEAppDelegate.m in Sources */,
				9CB03020187E03EE0063B78A /* BarMeterViewController.m in Sources */,
				9CB02FD9187DE31E0063B78A /* AEVerticalSprungWeight.m in Sources */,
				9C0CBB7D187F235600A81301 /* SmartSliderViewController.m in Sources */,
				9CB02FE1187DE51F0063B78A /* AEControlTheme.m in Sources */,
				9C44768A1888611600693184 /* TimeDelayViewController.m in Sources */,
				9CB02F95187DE2D10063B78A /* AEVolumeInput.m in Sources */,
				9CA86D33187F5D52004FB0A7 /* AENumericalDisplay.m in Sources */,
				9C4476861888610700693184 /* AETimeDelayControl.m in Sources */,
				9CB02FF9187DEA260063B78A /* ControlMenuViewController.m in Sources */,
				9C4476901888887000693184 /* TestControlWidget.m in Sources */,
				9CB0303F187E25E50063B78A /* CameraViewController.m in Sources */,
				9CB02FD3187DE31E0063B78A /* AESprungWeight.m in Sources */,
				9CB02FC3187DE31E0063B78A /* AE2DLeveler.m in Sources */,
				9C0CBBA4187F3A7200A81301 /* TwoDLevelerViewController.m in Sources */,
				9CB02FC9187DE31E0063B78A /* AEHorizontalLeveler.m in Sources */,
				9CB03012187DF83E0063B78A /* ControlDetailViewController.m in Sources */,
				9C4476941888887A00693184 /* TestActionWidget.m in Sources */,
				9CB02F93187DE2D10063B78A /* AEDialInput.m in Sources */,
				9C0CBB85187F2AF500A81301 /* GamepadViewController.m in Sources */,
				9CB02F91187DE2D10063B78A /* AEPitchInput.m in Sources */,
				9CB02FEE187DE6A50063B78A /* AESharedAudioManager.m in Sources */,
				9CB02FD7187DE31E0063B78A /* AEVerticalLeveler.m in Sources */,
				9C0CBB81187F253300A81301 /* LevelerViewController.m in Sources */,
				9CB0302B187E13490063B78A /* SliderViewController.m in Sources */,
				9CB02FF0187DE6A50063B78A /* AEToneUnit.m in Sources */,
				9CB02FF5187DE6DC0063B78A /* UIColor+Utilities.m in Sources */,
				9CB03024187E0CFC0063B78A /* ToggleSwitchViewController.m in Sources */,
				9CB02F4C187DE1D40063B78A /* main.m in Sources */,
				9C837ADC1880849200C65054 /* OldTestControl.m in Sources */,
				9C0CBB74187F147900A81301 /* NoiseMeterViewController.m in Sources */,
				9CB02FC5187DE31E0063B78A /* AEButton.m in Sources */,
				9CB0302F187E171B0063B78A /* ButtonViewController.m in Sources */,
				9CB02FC7187DE31E0063B78A /* AEGamepad.m in Sources */,
				9CB02FE5187DE51F0063B78A /* AEColorCodedControlTheme.m in Sources */,
				9CE5747C1885F74500BC82FD /* OverlayDial.m in Sources */,
				9CB02FE3187DE51F0063B78A /* AEAtomsControlTheme.m in Sources */,
				9CB02FFD187DEB070063B78A /* PageDescriptor.m in Sources */,
				9CB02F7D187DE2B70063B78A /* AEControl.m in Sources */,
				9CB02FD1187DE31E0063B78A /* AESlider.m in Sources */,
				9CB02FCB187DE31E0063B78A /* AEHorizontalSprungWeight.m in Sources */,
				9CB02F8B187DE2D10063B78A /* AEBarMeterInput.m in Sources */,
				9CB03033187E1B390063B78A /* VolumeViewController.m in Sources */,
				9CB02FCD187DE31E0063B78A /* AELeveler.m in Sources */,
				9CB02F8D187DE2D10063B78A /* AECameraInput.m in Sources */,
				9C0CBB77187F17EB00A81301 /* HorizontalWeightViewController.m in Sources */,
				9CB03037187E1D3F0063B78A /* PitchControlViewController.m in Sources */,
				9CB03016187DFEE10063B78A /* DialViewController.m in Sources */,
				9CB0303B187E1F940063B78A /* PlayPauseViewController.m in Sources */,
				9C44767E1886F2D200693184 /* AEExpandableControl.m in Sources */,
			);
			runOnlyForDeploymentPostprocessing = 0;
		};
		9CB02F5F187DE1D40063B78A /* Sources */ = {
			isa = PBXSourcesBuildPhase;
			buildActionMask = 2147483647;
			files = (
				9C0CBB86187F2AF500A81301 /* GamepadViewController.m in Sources */,
				9C0CBB82187F253300A81301 /* LevelerViewController.m in Sources */,
				9C0CBB7E187F235600A81301 /* SmartSliderViewController.m in Sources */,
				9C4476951888887A00693184 /* TestActionWidget.m in Sources */,
				9CB02FE4187DE51F0063B78A /* AEAtomsControlTheme.m in Sources */,
				9CB03040187E25E50063B78A /* CameraViewController.m in Sources */,
				9CB0303C187E1F940063B78A /* PlayPauseViewController.m in Sources */,
				9CB02FC4187DE31E0063B78A /* AE2DLeveler.m in Sources */,
				9CB02FF6187DE6DC0063B78A /* UIColor+Utilities.m in Sources */,
				9CB02F96187DE2D10063B78A /* AEVolumeInput.m in Sources */,
				9CB02FDA187DE31E0063B78A /* AEVerticalSprungWeight.m in Sources */,
				9CB02FC8187DE31E0063B78A /* AEGamepad.m in Sources */,
				9CB03017187DFEE10063B78A /* DialViewController.m in Sources */,
				9CE5747D1885F74500BC82FD /* OverlayDial.m in Sources */,
				9C44768B1888611600693184 /* TimeDelayViewController.m in Sources */,
				9CB03038187E1D3F0063B78A /* PitchControlViewController.m in Sources */,
				9CB02FCE187DE31E0063B78A /* AELeveler.m in Sources */,
				9CA86D30187F5D30004FB0A7 /* NumberOutputViewController.m in Sources */,
				9CB02FFA187DEA260063B78A /* ControlMenuViewController.m in Sources */,
				9CB02FCC187DE31E0063B78A /* AEHorizontalSprungWeight.m in Sources */,
				9CB03025187E0CFC0063B78A /* ToggleSwitchViewController.m in Sources */,
				9CB02F71187DE1D40063B78A /* Widget_ZooTests.m in Sources */,
				9C837AD91880846600C65054 /* TestControlViewController.m in Sources */,
				9CA86D34187F5D52004FB0A7 /* AENumericalDisplay.m in Sources */,
				9C0CBBA5187F3A7200A81301 /* TwoDLevelerViewController.m in Sources */,
				9CB03021187E03EE0063B78A /* BarMeterViewController.m in Sources */,
				9CB0302C187E13490063B78A /* SliderViewController.m in Sources */,
				9CB02FD4187DE31E0063B78A /* AESprungWeight.m in Sources */,
				9CB02FE6187DE51F0063B78A /* AEColorCodedControlTheme.m in Sources */,
				9C44767F1886F2D200693184 /* AEExpandableControl.m in Sources */,
				9CB02FF1187DE6A50063B78A /* AEToneUnit.m in Sources */,
				9CB02FD0187DE31E0063B78A /* AENoiseMeter.m in Sources */,
				9CB02FD8187DE31E0063B78A /* AEVerticalLeveler.m in Sources */,
				9CB02FC6187DE31E0063B78A /* AEButton.m in Sources */,
				9C4476871888610700693184 /* AETimeDelayControl.m in Sources */,
				9CB02F8E187DE2D10063B78A /* AECameraInput.m in Sources */,
				9CB02F94187DE2D10063B78A /* AEDialInput.m in Sources */,
				9CB03013187DF83E0063B78A /* ControlDetailViewController.m in Sources */,
				9CB02FCA187DE31E0063B78A /* AEHorizontalLeveler.m in Sources */,
				9C4476911888887000693184 /* TestControlWidget.m in Sources */,
				9CB03034187E1B390063B78A /* VolumeViewController.m in Sources */,
				9C837ADD1880849200C65054 /* OldTestControl.m in Sources */,
				9CB03030187E171B0063B78A /* ButtonViewController.m in Sources */,
				9CB02FFE187DEB070063B78A /* PageDescriptor.m in Sources */,
				9CB02F8C187DE2D10063B78A /* AEBarMeterInput.m in Sources */,
				9CB02FD6187DE31E0063B78A /* AEToggle.m in Sources */,
				9CB02F92187DE2D10063B78A /* AEPitchInput.m in Sources */,
				9CB02FEF187DE6A50063B78A /* AESharedAudioManager.m in Sources */,
				9CB02FE2187DE51F0063B78A /* AEControlTheme.m in Sources */,
				9CB02F7E187DE2B70063B78A /* AEControl.m in Sources */,
				9CB02FD2187DE31E0063B78A /* AESlider.m in Sources */,
				9CB02F90187DE2D10063B78A /* AEMusicInput.m in Sources */,
			);
			runOnlyForDeploymentPostprocessing = 0;
		};
/* End PBXSourcesBuildPhase section */

/* Begin PBXTargetDependency section */
		9CB02F69187DE1D40063B78A /* PBXTargetDependency */ = {
			isa = PBXTargetDependency;
			target = 9CB02F3B187DE1D40063B78A /* Widget Zoo */;
			targetProxy = 9CB02F68187DE1D40063B78A /* PBXContainerItemProxy */;
		};
/* End PBXTargetDependency section */

/* Begin PBXVariantGroup section */
		9CB02F48187DE1D40063B78A /* InfoPlist.strings */ = {
			isa = PBXVariantGroup;
			children = (
				9CB02F49187DE1D40063B78A /* en */,
			);
			name = InfoPlist.strings;
			sourceTree = "<group>";
		};
		9CB02F51187DE1D40063B78A /* Main_iPhone.storyboard */ = {
			isa = PBXVariantGroup;
			children = (
				9CB02F52187DE1D40063B78A /* Base */,
			);
			name = Main_iPhone.storyboard;
			sourceTree = "<group>";
		};
		9CB02F54187DE1D40063B78A /* Main_iPad.storyboard */ = {
			isa = PBXVariantGroup;
			children = (
				9CB02F55187DE1D40063B78A /* Base */,
			);
			name = Main_iPad.storyboard;
			sourceTree = "<group>";
		};
		9CB02F6D187DE1D40063B78A /* InfoPlist.strings */ = {
			isa = PBXVariantGroup;
			children = (
				9CB02F6E187DE1D40063B78A /* en */,
			);
			name = InfoPlist.strings;
			sourceTree = "<group>";
		};
/* End PBXVariantGroup section */

/* Begin XCBuildConfiguration section */
		9CB02F72187DE1D40063B78A /* Debug */ = {
			isa = XCBuildConfiguration;
			buildSettings = {
				ALWAYS_SEARCH_USER_PATHS = NO;
				ARCHS = "$(ARCHS_STANDARD_INCLUDING_64_BIT)";
				CLANG_CXX_LANGUAGE_STANDARD = "gnu++0x";
				CLANG_CXX_LIBRARY = "libc++";
				CLANG_ENABLE_MODULES = YES;
				CLANG_ENABLE_OBJC_ARC = YES;
				CLANG_WARN_BOOL_CONVERSION = YES;
				CLANG_WARN_CONSTANT_CONVERSION = YES;
				CLANG_WARN_DIRECT_OBJC_ISA_USAGE = YES_ERROR;
				CLANG_WARN_EMPTY_BODY = YES;
				CLANG_WARN_ENUM_CONVERSION = YES;
				CLANG_WARN_INT_CONVERSION = YES;
				CLANG_WARN_OBJC_ROOT_CLASS = YES_ERROR;
				CLANG_WARN__DUPLICATE_METHOD_MATCH = YES;
				"CODE_SIGN_IDENTITY[sdk=iphoneos*]" = "iPhone Developer";
				COPY_PHASE_STRIP = NO;
				GCC_C_LANGUAGE_STANDARD = gnu99;
				GCC_DYNAMIC_NO_PIC = NO;
				GCC_OPTIMIZATION_LEVEL = 0;
				GCC_PREPROCESSOR_DEFINITIONS = (
					"DEBUG=1",
					"$(inherited)",
				);
				GCC_SYMBOLS_PRIVATE_EXTERN = NO;
				GCC_WARN_64_TO_32_BIT_CONVERSION = YES;
				GCC_WARN_ABOUT_RETURN_TYPE = YES_ERROR;
				GCC_WARN_UNDECLARED_SELECTOR = YES;
				GCC_WARN_UNINITIALIZED_AUTOS = YES;
				GCC_WARN_UNUSED_FUNCTION = YES;
				GCC_WARN_UNUSED_VARIABLE = YES;
				IPHONEOS_DEPLOYMENT_TARGET = 7.0;
				ONLY_ACTIVE_ARCH = YES;
				SDKROOT = iphoneos;
				TARGETED_DEVICE_FAMILY = "1,2";
			};
			name = Debug;
		};
		9CB02F73187DE1D40063B78A /* Release */ = {
			isa = XCBuildConfiguration;
			buildSettings = {
				ALWAYS_SEARCH_USER_PATHS = NO;
				ARCHS = "$(ARCHS_STANDARD_INCLUDING_64_BIT)";
				CLANG_CXX_LANGUAGE_STANDARD = "gnu++0x";
				CLANG_CXX_LIBRARY = "libc++";
				CLANG_ENABLE_MODULES = YES;
				CLANG_ENABLE_OBJC_ARC = YES;
				CLANG_WARN_BOOL_CONVERSION = YES;
				CLANG_WARN_CONSTANT_CONVERSION = YES;
				CLANG_WARN_DIRECT_OBJC_ISA_USAGE = YES_ERROR;
				CLANG_WARN_EMPTY_BODY = YES;
				CLANG_WARN_ENUM_CONVERSION = YES;
				CLANG_WARN_INT_CONVERSION = YES;
				CLANG_WARN_OBJC_ROOT_CLASS = YES_ERROR;
				CLANG_WARN__DUPLICATE_METHOD_MATCH = YES;
				"CODE_SIGN_IDENTITY[sdk=iphoneos*]" = "iPhone Developer";
				COPY_PHASE_STRIP = YES;
				ENABLE_NS_ASSERTIONS = NO;
				GCC_C_LANGUAGE_STANDARD = gnu99;
				GCC_WARN_64_TO_32_BIT_CONVERSION = YES;
				GCC_WARN_ABOUT_RETURN_TYPE = YES_ERROR;
				GCC_WARN_UNDECLARED_SELECTOR = YES;
				GCC_WARN_UNINITIALIZED_AUTOS = YES;
				GCC_WARN_UNUSED_FUNCTION = YES;
				GCC_WARN_UNUSED_VARIABLE = YES;
				IPHONEOS_DEPLOYMENT_TARGET = 7.0;
				SDKROOT = iphoneos;
				TARGETED_DEVICE_FAMILY = "1,2";
				VALIDATE_PRODUCT = YES;
			};
			name = Release;
		};
		9CB02F75187DE1D40063B78A /* Debug */ = {
			isa = XCBuildConfiguration;
			buildSettings = {
				ASSETCATALOG_COMPILER_APPICON_NAME = AppIcon;
				ASSETCATALOG_COMPILER_LAUNCHIMAGE_NAME = LaunchImage;
				GCC_PRECOMPILE_PREFIX_HEADER = YES;
				GCC_PREFIX_HEADER = "Widget Zoo/Widget Zoo-Prefix.pch";
				INFOPLIST_FILE = "Widget Zoo/Widget Zoo-Info.plist";
				IPHONEOS_DEPLOYMENT_TARGET = 6.1;
				PRODUCT_NAME = "$(TARGET_NAME)";
				PROVISIONING_PROFILE = "9D770E2B-D769-4304-9D4A-FF326BE4DD42";
				TARGETED_DEVICE_FAMILY = 1;
				WRAPPER_EXTENSION = app;
			};
			name = Debug;
		};
		9CB02F76187DE1D40063B78A /* Release */ = {
			isa = XCBuildConfiguration;
			buildSettings = {
				ASSETCATALOG_COMPILER_APPICON_NAME = AppIcon;
				ASSETCATALOG_COMPILER_LAUNCHIMAGE_NAME = LaunchImage;
				"CODE_SIGN_IDENTITY[sdk=iphoneos*]" = "iPhone Distribution: Toy Seamless Company Inc (U2EWU83PSD)";
				GCC_PRECOMPILE_PREFIX_HEADER = YES;
				GCC_PREFIX_HEADER = "Widget Zoo/Widget Zoo-Prefix.pch";
				INFOPLIST_FILE = "Widget Zoo/Widget Zoo-Info.plist";
				IPHONEOS_DEPLOYMENT_TARGET = 6.1;
				PRODUCT_NAME = "$(TARGET_NAME)";
				PROVISIONING_PROFILE = "9D770E2B-D769-4304-9D4A-FF326BE4DD42";
				TARGETED_DEVICE_FAMILY = 1;
				WRAPPER_EXTENSION = app;
			};
			name = Release;
		};
		9CB02F78187DE1D40063B78A /* Debug */ = {
			isa = XCBuildConfiguration;
			buildSettings = {
				ARCHS = "$(ARCHS_STANDARD_INCLUDING_64_BIT)";
				BUNDLE_LOADER = "$(BUILT_PRODUCTS_DIR)/Widget Zoo.app/Widget Zoo";
				FRAMEWORK_SEARCH_PATHS = (
					"$(SDKROOT)/Developer/Library/Frameworks",
					"$(inherited)",
					"$(DEVELOPER_FRAMEWORKS_DIR)",
				);
				GCC_PRECOMPILE_PREFIX_HEADER = YES;
				GCC_PREFIX_HEADER = "Widget Zoo/Widget Zoo-Prefix.pch";
				GCC_PREPROCESSOR_DEFINITIONS = (
					"DEBUG=1",
					"$(inherited)",
				);
				INFOPLIST_FILE = "Widget ZooTests/Widget ZooTests-Info.plist";
				PRODUCT_NAME = "$(TARGET_NAME)";
				TEST_HOST = "$(BUNDLE_LOADER)";
				WRAPPER_EXTENSION = xctest;
			};
			name = Debug;
		};
		9CB02F79187DE1D40063B78A /* Release */ = {
			isa = XCBuildConfiguration;
			buildSettings = {
				ARCHS = "$(ARCHS_STANDARD_INCLUDING_64_BIT)";
				BUNDLE_LOADER = "$(BUILT_PRODUCTS_DIR)/Widget Zoo.app/Widget Zoo";
				FRAMEWORK_SEARCH_PATHS = (
					"$(SDKROOT)/Developer/Library/Frameworks",
					"$(inherited)",
					"$(DEVELOPER_FRAMEWORKS_DIR)",
				);
				GCC_PRECOMPILE_PREFIX_HEADER = YES;
				GCC_PREFIX_HEADER = "Widget Zoo/Widget Zoo-Prefix.pch";
				INFOPLIST_FILE = "Widget ZooTests/Widget ZooTests-Info.plist";
				PRODUCT_NAME = "$(TARGET_NAME)";
				TEST_HOST = "$(BUNDLE_LOADER)";
				WRAPPER_EXTENSION = xctest;
			};
			name = Release;
		};
/* End XCBuildConfiguration section */

/* Begin XCConfigurationList section */
		9CB02F37187DE1D40063B78A /* Build configuration list for PBXProject "Widget Zoo" */ = {
			isa = XCConfigurationList;
			buildConfigurations = (
				9CB02F72187DE1D40063B78A /* Debug */,
				9CB02F73187DE1D40063B78A /* Release */,
			);
			defaultConfigurationIsVisible = 0;
			defaultConfigurationName = Release;
		};
		9CB02F74187DE1D40063B78A /* Build configuration list for PBXNativeTarget "Widget Zoo" */ = {
			isa = XCConfigurationList;
			buildConfigurations = (
				9CB02F75187DE1D40063B78A /* Debug */,
				9CB02F76187DE1D40063B78A /* Release */,
			);
			defaultConfigurationIsVisible = 0;
			defaultConfigurationName = Release;
		};
		9CB02F77187DE1D40063B78A /* Build configuration list for PBXNativeTarget "Widget ZooTests" */ = {
			isa = XCConfigurationList;
			buildConfigurations = (
				9CB02F78187DE1D40063B78A /* Debug */,
				9CB02F79187DE1D40063B78A /* Release */,
			);
			defaultConfigurationIsVisible = 0;
			defaultConfigurationName = Release;
		};
/* End XCConfigurationList section */
	};
	rootObject = 9CB02F34187DE1D40063B78A /* Project object */;
}
